// !$*UTF8*$!
{
	archiveVersion = 1;
	classes = {
	};
	objectVersion = 46;
	objects = {

/* Begin PBXBuildFile section */
		210BAC801AF2A49E00D4BEC0 /* LucidaGrande.ttc in Resources */ = {isa = PBXBuildFile; fileRef = 210BAC7F1AF2A49E00D4BEC0 /* LucidaGrande.ttc */; };
		218613DF1B078F2100F06E36 /* AGENDALC.ttf in Resources */ = {isa = PBXBuildFile; fileRef = 218613DE1B078F2100F06E36 /* AGENDALC.ttf */; };
		218613E21B07995D00F06E36 /* registerBackground@2x.png in Resources */ = {isa = PBXBuildFile; fileRef = 218613E01B07995D00F06E36 /* registerBackground@2x.png */; };
		218613E31B07995D00F06E36 /* registerBackground~iPad@2x.png in Resources */ = {isa = PBXBuildFile; fileRef = 218613E11B07995D00F06E36 /* registerBackground~iPad@2x.png */; };
		21E142491B07B5A200E1FD79 /* CoreData.framework in Frameworks */ = {isa = PBXBuildFile; fileRef = 21E142481B07B5A200E1FD79 /* CoreData.framework */; };
		21E1424B1B07B5C100E1FD79 /* libsqlite3.dylib in Frameworks */ = {isa = PBXBuildFile; fileRef = 21E1424A1B07B5C100E1FD79 /* libsqlite3.dylib */; };
		21E1424D1B07B5DE00E1FD79 /* libGoogleAnalyticsServices.a in Frameworks */ = {isa = PBXBuildFile; fileRef = 21E1424C1B07B5DE00E1FD79 /* libGoogleAnalyticsServices.a */; };
		21FD7BF61AF9141600B4E195 /* share_btn.png in Resources */ = {isa = PBXBuildFile; fileRef = 21FD7BF41AF9141600B4E195 /* share_btn.png */; };
		21FD7BF71AF9141600B4E195 /* share_btn@2x.png in Resources */ = {isa = PBXBuildFile; fileRef = 21FD7BF51AF9141600B4E195 /* share_btn@2x.png */; };
		2FC296861B1CA291006DD593 /* gobutton.png in Resources */ = {isa = PBXBuildFile; fileRef = 2FC296841B1CA291006DD593 /* gobutton.png */; };
		2FC296871B1CA291006DD593 /* gobutton@2x.png in Resources */ = {isa = PBXBuildFile; fileRef = 2FC296851B1CA291006DD593 /* gobutton@2x.png */; };
		2FE0F1221B14D5C10070B052 /* closeBtn.png in Resources */ = {isa = PBXBuildFile; fileRef = 2FE0F11E1B14D5C10070B052 /* closeBtn.png */; };
		2FE0F1231B14D5C10070B052 /* closeBtn@2x.png in Resources */ = {isa = PBXBuildFile; fileRef = 2FE0F11F1B14D5C10070B052 /* closeBtn@2x.png */; };
		2FE0F1241B14D5C10070B052 /* meetingBreakBtn.png in Resources */ = {isa = PBXBuildFile; fileRef = 2FE0F1201B14D5C10070B052 /* meetingBreakBtn.png */; };
		2FE0F1251B14D5C10070B052 /* meetingBreakBtn@2x.png in Resources */ = {isa = PBXBuildFile; fileRef = 2FE0F1211B14D5C10070B052 /* meetingBreakBtn@2x.png */; };
		2FF20E251B0A2F6100ACD991 /* iphone_background@2x.png in Resources */ = {isa = PBXBuildFile; fileRef = 2FF20E231B0A2F6100ACD991 /* iphone_background@2x.png */; };
		2FF20E261B0A2F6100ACD991 /* iphone_background.png in Resources */ = {isa = PBXBuildFile; fileRef = 2FF20E241B0A2F6100ACD991 /* iphone_background.png */; };
		2FF20E281B0A2F6F00ACD991 /* background.png in Resources */ = {isa = PBXBuildFile; fileRef = 2FF20E271B0A2F6F00ACD991 /* background.png */; };
		2FF20E2C1B0A2FA900ACD991 /* background@2x.png in Resources */ = {isa = PBXBuildFile; fileRef = 2FF20E2B1B0A2FA900ACD991 /* background@2x.png */; };
		2FF20E2E1B0A314E00ACD991 /* checkbox_new@2x.png in Resources */ = {isa = PBXBuildFile; fileRef = 2FF20E2D1B0A314E00ACD991 /* checkbox_new@2x.png */; };
		2FF20E311B0A3BC900ACD991 /* cancel_button.png in Resources */ = {isa = PBXBuildFile; fileRef = 2FF20E2F1B0A3BC900ACD991 /* cancel_button.png */; };
		2FF20E321B0A3BC900ACD991 /* cancel_button@2x.png in Resources */ = {isa = PBXBuildFile; fileRef = 2FF20E301B0A3BC900ACD991 /* cancel_button@2x.png */; };
		2FF20E351B0A3C2A00ACD991 /* register_btn@2x.png in Resources */ = {isa = PBXBuildFile; fileRef = 2FF20E331B0A3C2A00ACD991 /* register_btn@2x.png */; };
		2FF20E361B0A3C2A00ACD991 /* register_btn.png in Resources */ = {isa = PBXBuildFile; fileRef = 2FF20E341B0A3C2A00ACD991 /* register_btn.png */; };
		2FF20E391B0A3D8C00ACD991 /* textfield_background.png in Resources */ = {isa = PBXBuildFile; fileRef = 2FF20E371B0A3D8C00ACD991 /* textfield_background.png */; };
		2FF20E3A1B0A3D8C00ACD991 /* textfield_background@2x.png in Resources */ = {isa = PBXBuildFile; fileRef = 2FF20E381B0A3D8C00ACD991 /* textfield_background@2x.png */; };
		2FF20E401B0A409600ACD991 /* checkbox_new.png in Resources */ = {isa = PBXBuildFile; fileRef = 2FF20E3F1B0A409600ACD991 /* checkbox_new.png */; };
		2FF20E431B0A4AD400ACD991 /* checkbox_checked.png in Resources */ = {isa = PBXBuildFile; fileRef = 2FF20E411B0A4AD400ACD991 /* checkbox_checked.png */; };
		2FF20E441B0A4AD400ACD991 /* checkbox_checked@2x.png in Resources */ = {isa = PBXBuildFile; fileRef = 2FF20E421B0A4AD400ACD991 /* checkbox_checked@2x.png */; };
		390424481A52D9FC00370E80 /* ClientViewController.m in Sources */ = {isa = PBXBuildFile; fileRef = 390424471A52D9FC00370E80 /* ClientViewController.m */; };
		3904244C1A52F74200370E80 /* MeetingHandler.m in Sources */ = {isa = PBXBuildFile; fileRef = 3904244B1A52F74200370E80 /* MeetingHandler.m */; };
		390424501A530E7900370E80 /* JsonMessageParser.m in Sources */ = {isa = PBXBuildFile; fileRef = 3904244F1A530E7900370E80 /* JsonMessageParser.m */; };
		390424B01A53182F00370E80 /* CJSONDeserializer.m in Sources */ = {isa = PBXBuildFile; fileRef = 390424591A53182F00370E80 /* CJSONDeserializer.m */; };
		390424B11A53182F00370E80 /* CJSONSerializer.m in Sources */ = {isa = PBXBuildFile; fileRef = 3904245B1A53182F00370E80 /* CJSONSerializer.m */; };
		390424B21A53182F00370E80 /* NSDictionary_JSONExtensions.m in Sources */ = {isa = PBXBuildFile; fileRef = 3904245E1A53182F00370E80 /* NSDictionary_JSONExtensions.m */; };
		3908BF2F1A532C5000017D84 /* caRHds for odesk project.1a.png in Resources */ = {isa = PBXBuildFile; fileRef = 3908BF251A532C5000017D84 /* caRHds for odesk project.1a.png */; };
		3908BF301A532C5000017D84 /* caRHds for odesk project.1b.png in Resources */ = {isa = PBXBuildFile; fileRef = 3908BF261A532C5000017D84 /* caRHds for odesk project.1b.png */; };
		3908BF311A532C5000017D84 /* caRHds for odesk project.2a.png in Resources */ = {isa = PBXBuildFile; fileRef = 3908BF271A532C5000017D84 /* caRHds for odesk project.2a.png */; };
		3908BF321A532C5000017D84 /* caRHds for odesk project.2b.png in Resources */ = {isa = PBXBuildFile; fileRef = 3908BF281A532C5000017D84 /* caRHds for odesk project.2b.png */; };
		3908BF331A532C5000017D84 /* caRHds for odesk project.3a.png in Resources */ = {isa = PBXBuildFile; fileRef = 3908BF291A532C5000017D84 /* caRHds for odesk project.3a.png */; };
		3908BF341A532C5000017D84 /* caRHds for odesk project.3b.png in Resources */ = {isa = PBXBuildFile; fileRef = 3908BF2A1A532C5000017D84 /* caRHds for odesk project.3b.png */; };
		3908BF351A532C5000017D84 /* caRHds for odesk project.4a.png in Resources */ = {isa = PBXBuildFile; fileRef = 3908BF2B1A532C5000017D84 /* caRHds for odesk project.4a.png */; };
		3908BF361A532C5000017D84 /* caRHds for odesk project.4b.png in Resources */ = {isa = PBXBuildFile; fileRef = 3908BF2C1A532C5000017D84 /* caRHds for odesk project.4b.png */; };
		3908BF371A532C5000017D84 /* caRHds for odesk project.5a.png in Resources */ = {isa = PBXBuildFile; fileRef = 3908BF2D1A532C5000017D84 /* caRHds for odesk project.5a.png */; };
		3908BF381A532C5000017D84 /* caRHds for odesk project.5b.png in Resources */ = {isa = PBXBuildFile; fileRef = 3908BF2E1A532C5000017D84 /* caRHds for odesk project.5b.png */; };
		3908BF3C1A532E9200017D84 /* SingleCardViewController.m in Sources */ = {isa = PBXBuildFile; fileRef = 3908BF3B1A532E9200017D84 /* SingleCardViewController.m */; };
		39116A051A5453170043C245 /* libc++.dylib in Frameworks */ = {isa = PBXBuildFile; fileRef = 39116A041A5453170043C245 /* libc++.dylib */; };
		39116A071A54531F0043C245 /* CoreMotion.framework in Frameworks */ = {isa = PBXBuildFile; fileRef = 39116A061A54531F0043C245 /* CoreMotion.framework */; };
		39116A091A5453250043C245 /* CoreTelephony.framework in Frameworks */ = {isa = PBXBuildFile; fileRef = 39116A081A5453250043C245 /* CoreTelephony.framework */; };
		39116A0B1A54532B0043C245 /* AudioToolbox.framework in Frameworks */ = {isa = PBXBuildFile; fileRef = 39116A0A1A54532B0043C245 /* AudioToolbox.framework */; };
		39116A0D1A5453310043C245 /* QuartzCore.framework in Frameworks */ = {isa = PBXBuildFile; fileRef = 39116A0C1A5453310043C245 /* QuartzCore.framework */; };
		39116A0F1A54533E0043C245 /* MessageUI.framework in Frameworks */ = {isa = PBXBuildFile; fileRef = 39116A0E1A54533E0043C245 /* MessageUI.framework */; };
		39116A111A54534B0043C245 /* OpenGLES.framework in Frameworks */ = {isa = PBXBuildFile; fileRef = 39116A101A54534B0043C245 /* OpenGLES.framework */; };
		39116A131A5453520043C245 /* GLKit.framework in Frameworks */ = {isa = PBXBuildFile; fileRef = 39116A121A5453520043C245 /* GLKit.framework */; };
		39116A151A5453600043C245 /* Foundation.framework in Frameworks */ = {isa = PBXBuildFile; fileRef = 39116A141A5453600043C245 /* Foundation.framework */; };
		39116A181A5453840043C245 /* Instabug.bundle in Resources */ = {isa = PBXBuildFile; fileRef = 39116A161A5453840043C245 /* Instabug.bundle */; };
		39116A191A5453840043C245 /* Instabug.framework in Frameworks */ = {isa = PBXBuildFile; fileRef = 39116A171A5453840043C245 /* Instabug.framework */; };
		39116A1D1A55A42D0043C245 /* RegisterViewController.m in Sources */ = {isa = PBXBuildFile; fileRef = 39116A1C1A55A42D0043C245 /* RegisterViewController.m */; };
		39116A1F1A55B0C90043C245 /* Localizable.strings in Resources */ = {isa = PBXBuildFile; fileRef = 39116A1E1A55B0C90043C245 /* Localizable.strings */; };
		391C209E1A5AD73900A44F30 /* emailFieldBgRegister_ipad.png in Resources */ = {isa = PBXBuildFile; fileRef = 391C209A1A5AD73900A44F30 /* emailFieldBgRegister_ipad.png */; };
		391C209F1A5AD73900A44F30 /* emailFieldBgRegister_ipad@2x.png in Resources */ = {isa = PBXBuildFile; fileRef = 391C209B1A5AD73900A44F30 /* emailFieldBgRegister_ipad@2x.png */; };
		391C20A01A5AD73900A44F30 /* passwordFieldBgRegister_iphone.png in Resources */ = {isa = PBXBuildFile; fileRef = 391C209C1A5AD73900A44F30 /* passwordFieldBgRegister_iphone.png */; };
		391C20A11A5AD73900A44F30 /* passwordFieldBgRegister_iphone@2x.png in Resources */ = {isa = PBXBuildFile; fileRef = 391C209D1A5AD73900A44F30 /* passwordFieldBgRegister_iphone@2x.png */; };
		391C20A41A5AE08000A44F30 /* registerButton_ipad@2x.png in Resources */ = {isa = PBXBuildFile; fileRef = 391C20A21A5AE08000A44F30 /* registerButton_ipad@2x.png */; };
		391C20A51A5AE08000A44F30 /* registerButton_ipad.png in Resources */ = {isa = PBXBuildFile; fileRef = 391C20A31A5AE08000A44F30 /* registerButton_ipad.png */; };
		391C20AC1A5B0B3F00A44F30 /* meetingConclusion1.png in Resources */ = {isa = PBXBuildFile; fileRef = 391C20A61A5B0B3F00A44F30 /* meetingConclusion1.png */; };
		391C20AD1A5B0B3F00A44F30 /* meetingConclusion2.png in Resources */ = {isa = PBXBuildFile; fileRef = 391C20A71A5B0B3F00A44F30 /* meetingConclusion2.png */; };
		391C20AE1A5B0B3F00A44F30 /* meetingConclusion3.png in Resources */ = {isa = PBXBuildFile; fileRef = 391C20A81A5B0B3F00A44F30 /* meetingConclusion3.png */; };
		391C20AF1A5B0B3F00A44F30 /* participantConclusion1.png in Resources */ = {isa = PBXBuildFile; fileRef = 391C20A91A5B0B3F00A44F30 /* participantConclusion1.png */; };
		391C20B01A5B0B3F00A44F30 /* participantConclusion2.png in Resources */ = {isa = PBXBuildFile; fileRef = 391C20AA1A5B0B3F00A44F30 /* participantConclusion2.png */; };
		391C20B11A5B0B3F00A44F30 /* participantConclusion3.png in Resources */ = {isa = PBXBuildFile; fileRef = 391C20AB1A5B0B3F00A44F30 /* participantConclusion3.png */; };
		391C63C71A6590B900CE3273 /* AbstractNavigationController.m in Sources */ = {isa = PBXBuildFile; fileRef = 391C63C61A6590B900CE3273 /* AbstractNavigationController.m */; };
		391C63CA1A65912D00CE3273 /* RotatableNavigationControllerViewController.m in Sources */ = {isa = PBXBuildFile; fileRef = 391C63C91A65912D00CE3273 /* RotatableNavigationControllerViewController.m */; };
		391C63CE1A65BF7300CE3273 /* HostConcludeViewController.m in Sources */ = {isa = PBXBuildFile; fileRef = 391C63CD1A65BF7300CE3273 /* HostConcludeViewController.m */; };
		391F93731A599A540062A7E5 /* ErrorMapper.m in Sources */ = {isa = PBXBuildFile; fileRef = 391F93721A599A540062A7E5 /* ErrorMapper.m */; };
		391F93751A599BFA0062A7E5 /* ErrorMessages.plist in Resources */ = {isa = PBXBuildFile; fileRef = 391F93741A599BFA0062A7E5 /* ErrorMessages.plist */; };
		394680BB1A62B53800ECA925 /* HostViewController.m in Sources */ = {isa = PBXBuildFile; fileRef = 394680BA1A62B53800ECA925 /* HostViewController.m */; };
		394680C41A62B91900ECA925 /* CardViewController.m in Sources */ = {isa = PBXBuildFile; fileRef = 394680C31A62B91900ECA925 /* CardViewController.m */; };
		394680C81A62E33E00ECA925 /* HostConcludeCardViewController.m in Sources */ = {isa = PBXBuildFile; fileRef = 394680C71A62E33E00ECA925 /* HostConcludeCardViewController.m */; };
		394680CF1A63168700ECA925 /* meetingConclusion1Gray.png in Resources */ = {isa = PBXBuildFile; fileRef = 394680C91A63168700ECA925 /* meetingConclusion1Gray.png */; };
		394680D01A63168700ECA925 /* meetingConclusion2Gray.png in Resources */ = {isa = PBXBuildFile; fileRef = 394680CA1A63168700ECA925 /* meetingConclusion2Gray.png */; };
		394680D11A63168700ECA925 /* meetingConclusion3Gray.png in Resources */ = {isa = PBXBuildFile; fileRef = 394680CB1A63168700ECA925 /* meetingConclusion3Gray.png */; };
		394680D21A63168700ECA925 /* participantConclusion1Gray.png in Resources */ = {isa = PBXBuildFile; fileRef = 394680CC1A63168700ECA925 /* participantConclusion1Gray.png */; };
		394680D31A63168700ECA925 /* participantConclusion2Gray.png in Resources */ = {isa = PBXBuildFile; fileRef = 394680CD1A63168700ECA925 /* participantConclusion2Gray.png */; };
		394680D41A63168700ECA925 /* participantConclusion3Gray.png in Resources */ = {isa = PBXBuildFile; fileRef = 394680CE1A63168700ECA925 /* participantConclusion3Gray.png */; };
		395E4CB91A51E354006361BA /* ParseManager.m in Sources */ = {isa = PBXBuildFile; fileRef = 395E4CB81A51E354006361BA /* ParseManager.m */; };
		395E4CBC1A51E36E006361BA /* QuickBloxManager.m in Sources */ = {isa = PBXBuildFile; fileRef = 395E4CBB1A51E36E006361BA /* QuickBloxManager.m */; };
		395E4CBE1A51E401006361BA /* libxml2.dylib in Frameworks */ = {isa = PBXBuildFile; fileRef = 395E4CBD1A51E401006361BA /* libxml2.dylib */; };
		395E4CC31A51E4E1006361BA /* APIResponse.m in Sources */ = {isa = PBXBuildFile; fileRef = 395E4CC21A51E4E1006361BA /* APIResponse.m */; };
		395E4CC51A51EA5D006361BA /* MobileCoreServices.framework in Frameworks */ = {isa = PBXBuildFile; fileRef = 395E4CC41A51EA5D006361BA /* MobileCoreServices.framework */; };
		395E4CC71A51EA80006361BA /* SystemConfiguration.framework in Frameworks */ = {isa = PBXBuildFile; fileRef = 395E4CC61A51EA80006361BA /* SystemConfiguration.framework */; };
		395E4CCB1A51EAE6006361BA /* libz.dylib in Frameworks */ = {isa = PBXBuildFile; fileRef = 395E4CCA1A51EAE6006361BA /* libz.dylib */; };
		395E4CCD1A51EAF2006361BA /* CFNetwork.framework in Frameworks */ = {isa = PBXBuildFile; fileRef = 395E4CCC1A51EAF2006361BA /* CFNetwork.framework */; };
		395E4CCF1A51F05B006361BA /* libresolv.dylib in Frameworks */ = {isa = PBXBuildFile; fileRef = 395E4CCE1A51F05B006361BA /* libresolv.dylib */; };
		395E4CD31A51F204006361BA /* MBProgressHUD.m in Sources */ = {isa = PBXBuildFile; fileRef = 395E4CD21A51F204006361BA /* MBProgressHUD.m */; };
		395E4CDC1A521826006361BA /* ChatMessageTableViewCell.m in Sources */ = {isa = PBXBuildFile; fileRef = 395E4CDB1A521826006361BA /* ChatMessageTableViewCell.m */; };
		395E4CE41A521AC0006361BA /* CharactersEscapeService.m in Sources */ = {isa = PBXBuildFile; fileRef = 395E4CDF1A521AC0006361BA /* CharactersEscapeService.m */; };
		395E4CE51A521AC0006361BA /* ChatService.m in Sources */ = {isa = PBXBuildFile; fileRef = 395E4CE11A521AC0006361BA /* ChatService.m */; };
		395E4CE61A521AC0006361BA /* LocalStorageService.m in Sources */ = {isa = PBXBuildFile; fileRef = 395E4CE31A521AC0006361BA /* LocalStorageService.m */; };
		3967699B1A5BFC99003444D2 /* Logon Screen.001.jpg in Resources */ = {isa = PBXBuildFile; fileRef = 396769971A5BFC99003444D2 /* Logon Screen.001.jpg */; };
		396769A11A5BFDA9003444D2 /* icon.png in Resources */ = {isa = PBXBuildFile; fileRef = 3967699F1A5BFDA9003444D2 /* icon.png */; };
		396769A21A5BFDA9003444D2 /* icon@2x.png in Resources */ = {isa = PBXBuildFile; fileRef = 396769A01A5BFDA9003444D2 /* icon@2x.png */; };
		396769A41A5BFE4C003444D2 /* loginBackground.jpg in Resources */ = {isa = PBXBuildFile; fileRef = 396769A31A5BFE4C003444D2 /* loginBackground.jpg */; };
		396769BD1A5C2578003444D2 /* appIcon29.png in Resources */ = {isa = PBXBuildFile; fileRef = 396769B41A5C2578003444D2 /* appIcon29.png */; };
		396769BE1A5C2578003444D2 /* appIcon40.png in Resources */ = {isa = PBXBuildFile; fileRef = 396769B51A5C2578003444D2 /* appIcon40.png */; };
		396769BF1A5C2578003444D2 /* appIcon58.png in Resources */ = {isa = PBXBuildFile; fileRef = 396769B61A5C2578003444D2 /* appIcon58.png */; };
		396769C01A5C2578003444D2 /* appIcon76.png in Resources */ = {isa = PBXBuildFile; fileRef = 396769B71A5C2578003444D2 /* appIcon76.png */; };
		396769C11A5C2578003444D2 /* appIcon80.png in Resources */ = {isa = PBXBuildFile; fileRef = 396769B81A5C2578003444D2 /* appIcon80.png */; };
		396769C21A5C2578003444D2 /* appIcon87.png in Resources */ = {isa = PBXBuildFile; fileRef = 396769B91A5C2578003444D2 /* appIcon87.png */; };
		396769C31A5C2578003444D2 /* appIcon120.png in Resources */ = {isa = PBXBuildFile; fileRef = 396769BA1A5C2578003444D2 /* appIcon120.png */; };
		396769C41A5C2578003444D2 /* appIcon152.png in Resources */ = {isa = PBXBuildFile; fileRef = 396769BB1A5C2578003444D2 /* appIcon152.png */; };
		396769C51A5C2578003444D2 /* appIcon180.png in Resources */ = {isa = PBXBuildFile; fileRef = 396769BC1A5C2578003444D2 /* appIcon180.png */; };
		396769C81A5C3720003444D2 /* Arial Narrow.ttf in Resources */ = {isa = PBXBuildFile; fileRef = 396769C71A5C3720003444D2 /* Arial Narrow.ttf */; };
		396993201A5D5D0700AFD089 /* Utilities.m in Sources */ = {isa = PBXBuildFile; fileRef = 3969931F1A5D5D0700AFD089 /* Utilities.m */; };
		398AADA21A51DE530003EF8C /* main.m in Sources */ = {isa = PBXBuildFile; fileRef = 398AADA11A51DE530003EF8C /* main.m */; };
		398AADA51A51DE530003EF8C /* AppDelegate.m in Sources */ = {isa = PBXBuildFile; fileRef = 398AADA41A51DE530003EF8C /* AppDelegate.m */; };
		398AADAB1A51DE530003EF8C /* Main.storyboard in Resources */ = {isa = PBXBuildFile; fileRef = 398AADA91A51DE530003EF8C /* Main.storyboard */; };
		398AADAD1A51DE530003EF8C /* Images.xcassets in Resources */ = {isa = PBXBuildFile; fileRef = 398AADAC1A51DE530003EF8C /* Images.xcassets */; };
		398AADB01A51DE530003EF8C /* LaunchScreen.xib in Resources */ = {isa = PBXBuildFile; fileRef = 398AADAE1A51DE530003EF8C /* LaunchScreen.xib */; };
		398AADBC1A51DE530003EF8C /* CarHdsTests.m in Sources */ = {isa = PBXBuildFile; fileRef = 398AADBB1A51DE530003EF8C /* CarHdsTests.m */; };
		398AADCE1A51DF030003EF8C /* AbstractViewController.m in Sources */ = {isa = PBXBuildFile; fileRef = 398AADCA1A51DF030003EF8C /* AbstractViewController.m */; };
		398AADD11A51DF360003EF8C /* UIKit.framework in Frameworks */ = {isa = PBXBuildFile; fileRef = 398AADD01A51DF360003EF8C /* UIKit.framework */; };
		398AADD31A51DF470003EF8C /* CoreGraphics.framework in Frameworks */ = {isa = PBXBuildFile; fileRef = 398AADD21A51DF470003EF8C /* CoreGraphics.framework */; };
		398AADD51A51DF5F0003EF8C /* Quickblox.framework in Frameworks */ = {isa = PBXBuildFile; fileRef = 398AADD41A51DF5F0003EF8C /* Quickblox.framework */; };
		399A54671A66D199003FA861 /* ForgetPasswordViewController.m in Sources */ = {isa = PBXBuildFile; fileRef = 399A54661A66D199003FA861 /* ForgetPasswordViewController.m */; };
		4BAFC5201B37CC0C00F299F2 /* dontHaveAccountBorder.png in Resources */ = {isa = PBXBuildFile; fileRef = 4BAFC51E1B37CC0C00F299F2 /* dontHaveAccountBorder.png */; };
		4BAFC5211B37CC0C00F299F2 /* dontHaveAccountBorder@2x.png in Resources */ = {isa = PBXBuildFile; fileRef = 4BAFC51F1B37CC0C00F299F2 /* dontHaveAccountBorder@2x.png */; };
		4BAFC5271B37E41600F299F2 /* LoginViewController.m in Sources */ = {isa = PBXBuildFile; fileRef = 4BAFC5261B37E41600F299F2 /* LoginViewController.m */; };
		4BBBF7001B3828800073828D /* JoinRoomViewControllerClient.m in Sources */ = {isa = PBXBuildFile; fileRef = 4BBBF6FF1B3828800073828D /* JoinRoomViewControllerClient.m */; };
		4BBBF7031B3828AC0073828D /* JoinRoomViewControllerHost.m in Sources */ = {isa = PBXBuildFile; fileRef = 4BBBF7021B3828AC0073828D /* JoinRoomViewControllerHost.m */; };
		4BD3E6221B3AAF380027387C /* UIButtonHelper.m in Sources */ = {isa = PBXBuildFile; fileRef = 4BD3E6211B3AAF380027387C /* UIButtonHelper.m */; };
/* End PBXBuildFile section */

/* Begin PBXContainerItemProxy section */
		398AADB61A51DE530003EF8C /* PBXContainerItemProxy */ = {
			isa = PBXContainerItemProxy;
			containerPortal = 398AAD941A51DE530003EF8C /* Project object */;
			proxyType = 1;
			remoteGlobalIDString = 398AAD9B1A51DE530003EF8C;
			remoteInfo = CarHds;
		};
/* End PBXContainerItemProxy section */

/* Begin PBXFileReference section */
		210BAC7F1AF2A49E00D4BEC0 /* LucidaGrande.ttc */ = {isa = PBXFileReference; lastKnownFileType = file; path = LucidaGrande.ttc; sourceTree = "<group>"; };
		218613DE1B078F2100F06E36 /* AGENDALC.ttf */ = {isa = PBXFileReference; lastKnownFileType = file; path = AGENDALC.ttf; sourceTree = "<group>"; };
		218613E01B07995D00F06E36 /* registerBackground@2x.png */ = {isa = PBXFileReference; lastKnownFileType = image.png; path = "registerBackground@2x.png"; sourceTree = "<group>"; };
		218613E11B07995D00F06E36 /* registerBackground~iPad@2x.png */ = {isa = PBXFileReference; lastKnownFileType = image.png; path = "registerBackground~iPad@2x.png"; sourceTree = "<group>"; };
		21E142481B07B5A200E1FD79 /* CoreData.framework */ = {isa = PBXFileReference; lastKnownFileType = wrapper.framework; name = CoreData.framework; path = System/Library/Frameworks/CoreData.framework; sourceTree = SDKROOT; };
		21E1424A1B07B5C100E1FD79 /* libsqlite3.dylib */ = {isa = PBXFileReference; lastKnownFileType = "compiled.mach-o.dylib"; name = libsqlite3.dylib; path = usr/lib/libsqlite3.dylib; sourceTree = SDKROOT; };
		21E1424C1B07B5DE00E1FD79 /* libGoogleAnalyticsServices.a */ = {isa = PBXFileReference; lastKnownFileType = archive.ar; name = libGoogleAnalyticsServices.a; path = GoogleAnalyticsServicesiOS_3.12/libGoogleAnalyticsServices.a; sourceTree = "<group>"; };
		21E142501B07B62800E1FD79 /* GAI.h */ = {isa = PBXFileReference; fileEncoding = 4; lastKnownFileType = sourcecode.c.h; path = GAI.h; sourceTree = "<group>"; };
		21E142511B07B62800E1FD79 /* GAIDictionaryBuilder.h */ = {isa = PBXFileReference; fileEncoding = 4; lastKnownFileType = sourcecode.c.h; path = GAIDictionaryBuilder.h; sourceTree = "<group>"; };
		21E142521B07B62800E1FD79 /* GAIEcommerceFields.h */ = {isa = PBXFileReference; fileEncoding = 4; lastKnownFileType = sourcecode.c.h; path = GAIEcommerceFields.h; sourceTree = "<group>"; };
		21E142531B07B62800E1FD79 /* GAIEcommerceProduct.h */ = {isa = PBXFileReference; fileEncoding = 4; lastKnownFileType = sourcecode.c.h; path = GAIEcommerceProduct.h; sourceTree = "<group>"; };
		21E142541B07B62800E1FD79 /* GAIEcommerceProductAction.h */ = {isa = PBXFileReference; fileEncoding = 4; lastKnownFileType = sourcecode.c.h; path = GAIEcommerceProductAction.h; sourceTree = "<group>"; };
		21E142551B07B62800E1FD79 /* GAIEcommercePromotion.h */ = {isa = PBXFileReference; fileEncoding = 4; lastKnownFileType = sourcecode.c.h; path = GAIEcommercePromotion.h; sourceTree = "<group>"; };
		21E142561B07B62800E1FD79 /* GAIFields.h */ = {isa = PBXFileReference; fileEncoding = 4; lastKnownFileType = sourcecode.c.h; path = GAIFields.h; sourceTree = "<group>"; };
		21E142571B07B62800E1FD79 /* GAILogger.h */ = {isa = PBXFileReference; fileEncoding = 4; lastKnownFileType = sourcecode.c.h; path = GAILogger.h; sourceTree = "<group>"; };
		21E142581B07B62800E1FD79 /* GAITrackedViewController.h */ = {isa = PBXFileReference; fileEncoding = 4; lastKnownFileType = sourcecode.c.h; path = GAITrackedViewController.h; sourceTree = "<group>"; };
		21E142591B07B62800E1FD79 /* GAITracker.h */ = {isa = PBXFileReference; fileEncoding = 4; lastKnownFileType = sourcecode.c.h; path = GAITracker.h; sourceTree = "<group>"; };
		21FD7BF41AF9141600B4E195 /* share_btn.png */ = {isa = PBXFileReference; lastKnownFileType = image.png; path = share_btn.png; sourceTree = "<group>"; };
		21FD7BF51AF9141600B4E195 /* share_btn@2x.png */ = {isa = PBXFileReference; lastKnownFileType = image.png; path = "share_btn@2x.png"; sourceTree = "<group>"; };
		2FC296841B1CA291006DD593 /* gobutton.png */ = {isa = PBXFileReference; lastKnownFileType = image.png; path = gobutton.png; sourceTree = "<group>"; };
		2FC296851B1CA291006DD593 /* gobutton@2x.png */ = {isa = PBXFileReference; lastKnownFileType = image.png; path = "gobutton@2x.png"; sourceTree = "<group>"; };
		2FE0F11E1B14D5C10070B052 /* closeBtn.png */ = {isa = PBXFileReference; lastKnownFileType = image.png; path = closeBtn.png; sourceTree = "<group>"; };
		2FE0F11F1B14D5C10070B052 /* closeBtn@2x.png */ = {isa = PBXFileReference; lastKnownFileType = image.png; path = "closeBtn@2x.png"; sourceTree = "<group>"; };
		2FE0F1201B14D5C10070B052 /* meetingBreakBtn.png */ = {isa = PBXFileReference; lastKnownFileType = image.png; path = meetingBreakBtn.png; sourceTree = "<group>"; };
		2FE0F1211B14D5C10070B052 /* meetingBreakBtn@2x.png */ = {isa = PBXFileReference; lastKnownFileType = image.png; path = "meetingBreakBtn@2x.png"; sourceTree = "<group>"; };
		2FF20E231B0A2F6100ACD991 /* iphone_background@2x.png */ = {isa = PBXFileReference; lastKnownFileType = image.png; path = "iphone_background@2x.png"; sourceTree = "<group>"; };
		2FF20E241B0A2F6100ACD991 /* iphone_background.png */ = {isa = PBXFileReference; lastKnownFileType = image.png; path = iphone_background.png; sourceTree = "<group>"; };
		2FF20E271B0A2F6F00ACD991 /* background.png */ = {isa = PBXFileReference; lastKnownFileType = image.png; path = background.png; sourceTree = "<group>"; };
		2FF20E2B1B0A2FA900ACD991 /* background@2x.png */ = {isa = PBXFileReference; lastKnownFileType = image.png; path = "background@2x.png"; sourceTree = "<group>"; };
		2FF20E2D1B0A314E00ACD991 /* checkbox_new@2x.png */ = {isa = PBXFileReference; lastKnownFileType = image.png; path = "checkbox_new@2x.png"; sourceTree = "<group>"; };
		2FF20E2F1B0A3BC900ACD991 /* cancel_button.png */ = {isa = PBXFileReference; lastKnownFileType = image.png; path = cancel_button.png; sourceTree = "<group>"; };
		2FF20E301B0A3BC900ACD991 /* cancel_button@2x.png */ = {isa = PBXFileReference; lastKnownFileType = image.png; path = "cancel_button@2x.png"; sourceTree = "<group>"; };
		2FF20E331B0A3C2A00ACD991 /* register_btn@2x.png */ = {isa = PBXFileReference; lastKnownFileType = image.png; path = "register_btn@2x.png"; sourceTree = "<group>"; };
		2FF20E341B0A3C2A00ACD991 /* register_btn.png */ = {isa = PBXFileReference; lastKnownFileType = image.png; path = register_btn.png; sourceTree = "<group>"; };
		2FF20E371B0A3D8C00ACD991 /* textfield_background.png */ = {isa = PBXFileReference; lastKnownFileType = image.png; path = textfield_background.png; sourceTree = "<group>"; };
		2FF20E381B0A3D8C00ACD991 /* textfield_background@2x.png */ = {isa = PBXFileReference; lastKnownFileType = image.png; path = "textfield_background@2x.png"; sourceTree = "<group>"; };
		2FF20E3F1B0A409600ACD991 /* checkbox_new.png */ = {isa = PBXFileReference; lastKnownFileType = image.png; path = checkbox_new.png; sourceTree = "<group>"; };
		2FF20E411B0A4AD400ACD991 /* checkbox_checked.png */ = {isa = PBXFileReference; lastKnownFileType = image.png; path = checkbox_checked.png; sourceTree = "<group>"; };
		2FF20E421B0A4AD400ACD991 /* checkbox_checked@2x.png */ = {isa = PBXFileReference; lastKnownFileType = image.png; path = "checkbox_checked@2x.png"; sourceTree = "<group>"; };
		390424461A52D9FC00370E80 /* ClientViewController.h */ = {isa = PBXFileReference; fileEncoding = 4; lastKnownFileType = sourcecode.c.h; path = ClientViewController.h; sourceTree = "<group>"; };
		390424471A52D9FC00370E80 /* ClientViewController.m */ = {isa = PBXFileReference; fileEncoding = 4; lastKnownFileType = sourcecode.c.objc; path = ClientViewController.m; sourceTree = "<group>"; };
		3904244A1A52F74200370E80 /* MeetingHandler.h */ = {isa = PBXFileReference; fileEncoding = 4; lastKnownFileType = sourcecode.c.h; path = MeetingHandler.h; sourceTree = "<group>"; };
		3904244B1A52F74200370E80 /* MeetingHandler.m */ = {isa = PBXFileReference; fileEncoding = 4; lastKnownFileType = sourcecode.c.objc; path = MeetingHandler.m; sourceTree = "<group>"; };
		3904244E1A530E7900370E80 /* JsonMessageParser.h */ = {isa = PBXFileReference; fileEncoding = 4; lastKnownFileType = sourcecode.c.h; path = JsonMessageParser.h; sourceTree = "<group>"; };
		3904244F1A530E7900370E80 /* JsonMessageParser.m */ = {isa = PBXFileReference; fileEncoding = 4; lastKnownFileType = sourcecode.c.objc; path = JsonMessageParser.m; sourceTree = "<group>"; };
		390424581A53182F00370E80 /* CJSONDeserializer.h */ = {isa = PBXFileReference; fileEncoding = 4; lastKnownFileType = sourcecode.c.h; path = CJSONDeserializer.h; sourceTree = "<group>"; };
		390424591A53182F00370E80 /* CJSONDeserializer.m */ = {isa = PBXFileReference; fileEncoding = 4; lastKnownFileType = sourcecode.c.objc; path = CJSONDeserializer.m; sourceTree = "<group>"; };
		3904245A1A53182F00370E80 /* CJSONSerializer.h */ = {isa = PBXFileReference; fileEncoding = 4; lastKnownFileType = sourcecode.c.h; path = CJSONSerializer.h; sourceTree = "<group>"; };
		3904245B1A53182F00370E80 /* CJSONSerializer.m */ = {isa = PBXFileReference; fileEncoding = 4; lastKnownFileType = sourcecode.c.objc; path = CJSONSerializer.m; sourceTree = "<group>"; };
		3904245C1A53182F00370E80 /* JSONRepresentation.h */ = {isa = PBXFileReference; fileEncoding = 4; lastKnownFileType = sourcecode.c.h; path = JSONRepresentation.h; sourceTree = "<group>"; };
		3904245D1A53182F00370E80 /* NSDictionary_JSONExtensions.h */ = {isa = PBXFileReference; fileEncoding = 4; lastKnownFileType = sourcecode.c.h; path = NSDictionary_JSONExtensions.h; sourceTree = "<group>"; };
		3904245E1A53182F00370E80 /* NSDictionary_JSONExtensions.m */ = {isa = PBXFileReference; fileEncoding = 4; lastKnownFileType = sourcecode.c.objc; path = NSDictionary_JSONExtensions.m; sourceTree = "<group>"; };
		3908BF251A532C5000017D84 /* caRHds for odesk project.1a.png */ = {isa = PBXFileReference; lastKnownFileType = image.png; path = "caRHds for odesk project.1a.png"; sourceTree = "<group>"; };
		3908BF261A532C5000017D84 /* caRHds for odesk project.1b.png */ = {isa = PBXFileReference; lastKnownFileType = image.png; path = "caRHds for odesk project.1b.png"; sourceTree = "<group>"; };
		3908BF271A532C5000017D84 /* caRHds for odesk project.2a.png */ = {isa = PBXFileReference; lastKnownFileType = image.png; path = "caRHds for odesk project.2a.png"; sourceTree = "<group>"; };
		3908BF281A532C5000017D84 /* caRHds for odesk project.2b.png */ = {isa = PBXFileReference; lastKnownFileType = image.png; path = "caRHds for odesk project.2b.png"; sourceTree = "<group>"; };
		3908BF291A532C5000017D84 /* caRHds for odesk project.3a.png */ = {isa = PBXFileReference; lastKnownFileType = image.png; path = "caRHds for odesk project.3a.png"; sourceTree = "<group>"; };
		3908BF2A1A532C5000017D84 /* caRHds for odesk project.3b.png */ = {isa = PBXFileReference; lastKnownFileType = image.png; path = "caRHds for odesk project.3b.png"; sourceTree = "<group>"; };
		3908BF2B1A532C5000017D84 /* caRHds for odesk project.4a.png */ = {isa = PBXFileReference; lastKnownFileType = image.png; path = "caRHds for odesk project.4a.png"; sourceTree = "<group>"; };
		3908BF2C1A532C5000017D84 /* caRHds for odesk project.4b.png */ = {isa = PBXFileReference; lastKnownFileType = image.png; path = "caRHds for odesk project.4b.png"; sourceTree = "<group>"; };
		3908BF2D1A532C5000017D84 /* caRHds for odesk project.5a.png */ = {isa = PBXFileReference; lastKnownFileType = image.png; path = "caRHds for odesk project.5a.png"; sourceTree = "<group>"; };
		3908BF2E1A532C5000017D84 /* caRHds for odesk project.5b.png */ = {isa = PBXFileReference; lastKnownFileType = image.png; path = "caRHds for odesk project.5b.png"; sourceTree = "<group>"; };
		3908BF3A1A532E9200017D84 /* SingleCardViewController.h */ = {isa = PBXFileReference; fileEncoding = 4; lastKnownFileType = sourcecode.c.h; path = SingleCardViewController.h; sourceTree = "<group>"; };
		3908BF3B1A532E9200017D84 /* SingleCardViewController.m */ = {isa = PBXFileReference; fileEncoding = 4; lastKnownFileType = sourcecode.c.objc; path = SingleCardViewController.m; sourceTree = "<group>"; };
		39116A041A5453170043C245 /* libc++.dylib */ = {isa = PBXFileReference; lastKnownFileType = "compiled.mach-o.dylib"; name = "libc++.dylib"; path = "usr/lib/libc++.dylib"; sourceTree = SDKROOT; };
		39116A061A54531F0043C245 /* CoreMotion.framework */ = {isa = PBXFileReference; lastKnownFileType = wrapper.framework; name = CoreMotion.framework; path = System/Library/Frameworks/CoreMotion.framework; sourceTree = SDKROOT; };
		39116A081A5453250043C245 /* CoreTelephony.framework */ = {isa = PBXFileReference; lastKnownFileType = wrapper.framework; name = CoreTelephony.framework; path = System/Library/Frameworks/CoreTelephony.framework; sourceTree = SDKROOT; };
		39116A0A1A54532B0043C245 /* AudioToolbox.framework */ = {isa = PBXFileReference; lastKnownFileType = wrapper.framework; name = AudioToolbox.framework; path = System/Library/Frameworks/AudioToolbox.framework; sourceTree = SDKROOT; };
		39116A0C1A5453310043C245 /* QuartzCore.framework */ = {isa = PBXFileReference; lastKnownFileType = wrapper.framework; name = QuartzCore.framework; path = System/Library/Frameworks/QuartzCore.framework; sourceTree = SDKROOT; };
		39116A0E1A54533E0043C245 /* MessageUI.framework */ = {isa = PBXFileReference; lastKnownFileType = wrapper.framework; name = MessageUI.framework; path = System/Library/Frameworks/MessageUI.framework; sourceTree = SDKROOT; };
		39116A101A54534B0043C245 /* OpenGLES.framework */ = {isa = PBXFileReference; lastKnownFileType = wrapper.framework; name = OpenGLES.framework; path = System/Library/Frameworks/OpenGLES.framework; sourceTree = SDKROOT; };
		39116A121A5453520043C245 /* GLKit.framework */ = {isa = PBXFileReference; lastKnownFileType = wrapper.framework; name = GLKit.framework; path = System/Library/Frameworks/GLKit.framework; sourceTree = SDKROOT; };
		39116A141A5453600043C245 /* Foundation.framework */ = {isa = PBXFileReference; lastKnownFileType = wrapper.framework; name = Foundation.framework; path = System/Library/Frameworks/Foundation.framework; sourceTree = SDKROOT; };
		39116A161A5453840043C245 /* Instabug.bundle */ = {isa = PBXFileReference; lastKnownFileType = "wrapper.plug-in"; path = Instabug.bundle; sourceTree = "<group>"; };
		39116A171A5453840043C245 /* Instabug.framework */ = {isa = PBXFileReference; lastKnownFileType = wrapper.framework; path = Instabug.framework; sourceTree = "<group>"; };
		39116A1B1A55A42D0043C245 /* RegisterViewController.h */ = {isa = PBXFileReference; fileEncoding = 4; lastKnownFileType = sourcecode.c.h; path = RegisterViewController.h; sourceTree = "<group>"; };
		39116A1C1A55A42D0043C245 /* RegisterViewController.m */ = {isa = PBXFileReference; fileEncoding = 4; lastKnownFileType = sourcecode.c.objc; path = RegisterViewController.m; sourceTree = "<group>"; };
		39116A1E1A55B0C90043C245 /* Localizable.strings */ = {isa = PBXFileReference; fileEncoding = 4; lastKnownFileType = text.plist.strings; path = Localizable.strings; sourceTree = "<group>"; };
		39116A201A55B1CB0043C245 /* CarHds-Prefix.pch */ = {isa = PBXFileReference; lastKnownFileType = sourcecode.c.h; path = "CarHds-Prefix.pch"; sourceTree = "<group>"; };
		391C209A1A5AD73900A44F30 /* emailFieldBgRegister_ipad.png */ = {isa = PBXFileReference; lastKnownFileType = image.png; path = emailFieldBgRegister_ipad.png; sourceTree = "<group>"; };
		391C209B1A5AD73900A44F30 /* emailFieldBgRegister_ipad@2x.png */ = {isa = PBXFileReference; lastKnownFileType = image.png; path = "emailFieldBgRegister_ipad@2x.png"; sourceTree = "<group>"; };
		391C209C1A5AD73900A44F30 /* passwordFieldBgRegister_iphone.png */ = {isa = PBXFileReference; lastKnownFileType = image.png; path = passwordFieldBgRegister_iphone.png; sourceTree = "<group>"; };
		391C209D1A5AD73900A44F30 /* passwordFieldBgRegister_iphone@2x.png */ = {isa = PBXFileReference; lastKnownFileType = image.png; path = "passwordFieldBgRegister_iphone@2x.png"; sourceTree = "<group>"; };
		391C20A21A5AE08000A44F30 /* registerButton_ipad@2x.png */ = {isa = PBXFileReference; lastKnownFileType = image.png; path = "registerButton_ipad@2x.png"; sourceTree = "<group>"; };
		391C20A31A5AE08000A44F30 /* registerButton_ipad.png */ = {isa = PBXFileReference; lastKnownFileType = image.png; path = registerButton_ipad.png; sourceTree = "<group>"; };
		391C20A61A5B0B3F00A44F30 /* meetingConclusion1.png */ = {isa = PBXFileReference; lastKnownFileType = image.png; path = meetingConclusion1.png; sourceTree = "<group>"; };
		391C20A71A5B0B3F00A44F30 /* meetingConclusion2.png */ = {isa = PBXFileReference; lastKnownFileType = image.png; path = meetingConclusion2.png; sourceTree = "<group>"; };
		391C20A81A5B0B3F00A44F30 /* meetingConclusion3.png */ = {isa = PBXFileReference; lastKnownFileType = image.png; path = meetingConclusion3.png; sourceTree = "<group>"; };
		391C20A91A5B0B3F00A44F30 /* participantConclusion1.png */ = {isa = PBXFileReference; lastKnownFileType = image.png; path = participantConclusion1.png; sourceTree = "<group>"; };
		391C20AA1A5B0B3F00A44F30 /* participantConclusion2.png */ = {isa = PBXFileReference; lastKnownFileType = image.png; path = participantConclusion2.png; sourceTree = "<group>"; };
		391C20AB1A5B0B3F00A44F30 /* participantConclusion3.png */ = {isa = PBXFileReference; lastKnownFileType = image.png; path = participantConclusion3.png; sourceTree = "<group>"; };
		391C63C51A6590B900CE3273 /* AbstractNavigationController.h */ = {isa = PBXFileReference; fileEncoding = 4; lastKnownFileType = sourcecode.c.h; path = AbstractNavigationController.h; sourceTree = "<group>"; };
		391C63C61A6590B900CE3273 /* AbstractNavigationController.m */ = {isa = PBXFileReference; fileEncoding = 4; lastKnownFileType = sourcecode.c.objc; path = AbstractNavigationController.m; sourceTree = "<group>"; };
		391C63C81A65912D00CE3273 /* RotatableNavigationControllerViewController.h */ = {isa = PBXFileReference; fileEncoding = 4; lastKnownFileType = sourcecode.c.h; path = RotatableNavigationControllerViewController.h; sourceTree = "<group>"; };
		391C63C91A65912D00CE3273 /* RotatableNavigationControllerViewController.m */ = {isa = PBXFileReference; fileEncoding = 4; lastKnownFileType = sourcecode.c.objc; path = RotatableNavigationControllerViewController.m; sourceTree = "<group>"; };
		391C63CC1A65BF7300CE3273 /* HostConcludeViewController.h */ = {isa = PBXFileReference; fileEncoding = 4; lastKnownFileType = sourcecode.c.h; path = HostConcludeViewController.h; sourceTree = "<group>"; };
		391C63CD1A65BF7300CE3273 /* HostConcludeViewController.m */ = {isa = PBXFileReference; fileEncoding = 4; lastKnownFileType = sourcecode.c.objc; path = HostConcludeViewController.m; sourceTree = "<group>"; };
		391F93711A599A540062A7E5 /* ErrorMapper.h */ = {isa = PBXFileReference; fileEncoding = 4; lastKnownFileType = sourcecode.c.h; path = ErrorMapper.h; sourceTree = "<group>"; };
		391F93721A599A540062A7E5 /* ErrorMapper.m */ = {isa = PBXFileReference; fileEncoding = 4; lastKnownFileType = sourcecode.c.objc; path = ErrorMapper.m; sourceTree = "<group>"; };
		391F93741A599BFA0062A7E5 /* ErrorMessages.plist */ = {isa = PBXFileReference; fileEncoding = 4; lastKnownFileType = text.plist.xml; path = ErrorMessages.plist; sourceTree = "<group>"; };
		394680B91A62B53800ECA925 /* HostViewController.h */ = {isa = PBXFileReference; fileEncoding = 4; lastKnownFileType = sourcecode.c.h; path = HostViewController.h; sourceTree = "<group>"; };
		394680BA1A62B53800ECA925 /* HostViewController.m */ = {isa = PBXFileReference; fileEncoding = 4; lastKnownFileType = sourcecode.c.objc; path = HostViewController.m; sourceTree = "<group>"; };
		394680C21A62B91900ECA925 /* CardViewController.h */ = {isa = PBXFileReference; fileEncoding = 4; lastKnownFileType = sourcecode.c.h; path = CardViewController.h; sourceTree = "<group>"; };
		394680C31A62B91900ECA925 /* CardViewController.m */ = {isa = PBXFileReference; fileEncoding = 4; lastKnownFileType = sourcecode.c.objc; path = CardViewController.m; sourceTree = "<group>"; };
		394680C61A62E33E00ECA925 /* HostConcludeCardViewController.h */ = {isa = PBXFileReference; fileEncoding = 4; lastKnownFileType = sourcecode.c.h; path = HostConcludeCardViewController.h; sourceTree = "<group>"; };
		394680C71A62E33E00ECA925 /* HostConcludeCardViewController.m */ = {isa = PBXFileReference; fileEncoding = 4; lastKnownFileType = sourcecode.c.objc; path = HostConcludeCardViewController.m; sourceTree = "<group>"; };
		394680C91A63168700ECA925 /* meetingConclusion1Gray.png */ = {isa = PBXFileReference; lastKnownFileType = image.png; path = meetingConclusion1Gray.png; sourceTree = "<group>"; };
		394680CA1A63168700ECA925 /* meetingConclusion2Gray.png */ = {isa = PBXFileReference; lastKnownFileType = image.png; path = meetingConclusion2Gray.png; sourceTree = "<group>"; };
		394680CB1A63168700ECA925 /* meetingConclusion3Gray.png */ = {isa = PBXFileReference; lastKnownFileType = image.png; path = meetingConclusion3Gray.png; sourceTree = "<group>"; };
		394680CC1A63168700ECA925 /* participantConclusion1Gray.png */ = {isa = PBXFileReference; lastKnownFileType = image.png; path = participantConclusion1Gray.png; sourceTree = "<group>"; };
		394680CD1A63168700ECA925 /* participantConclusion2Gray.png */ = {isa = PBXFileReference; lastKnownFileType = image.png; path = participantConclusion2Gray.png; sourceTree = "<group>"; };
		394680CE1A63168700ECA925 /* participantConclusion3Gray.png */ = {isa = PBXFileReference; lastKnownFileType = image.png; path = participantConclusion3Gray.png; sourceTree = "<group>"; };
		395E4CB71A51E354006361BA /* ParseManager.h */ = {isa = PBXFileReference; fileEncoding = 4; lastKnownFileType = sourcecode.c.h; path = ParseManager.h; sourceTree = "<group>"; };
		395E4CB81A51E354006361BA /* ParseManager.m */ = {isa = PBXFileReference; fileEncoding = 4; lastKnownFileType = sourcecode.c.objc; path = ParseManager.m; sourceTree = "<group>"; };
		395E4CBA1A51E36E006361BA /* QuickBloxManager.h */ = {isa = PBXFileReference; fileEncoding = 4; lastKnownFileType = sourcecode.c.h; path = QuickBloxManager.h; sourceTree = "<group>"; };
		395E4CBB1A51E36E006361BA /* QuickBloxManager.m */ = {isa = PBXFileReference; fileEncoding = 4; lastKnownFileType = sourcecode.c.objc; path = QuickBloxManager.m; sourceTree = "<group>"; };
		395E4CBD1A51E401006361BA /* libxml2.dylib */ = {isa = PBXFileReference; lastKnownFileType = "compiled.mach-o.dylib"; name = libxml2.dylib; path = usr/lib/libxml2.dylib; sourceTree = SDKROOT; };
		395E4CC11A51E4E1006361BA /* APIResponse.h */ = {isa = PBXFileReference; fileEncoding = 4; lastKnownFileType = sourcecode.c.h; path = APIResponse.h; sourceTree = "<group>"; };
		395E4CC21A51E4E1006361BA /* APIResponse.m */ = {isa = PBXFileReference; fileEncoding = 4; lastKnownFileType = sourcecode.c.objc; path = APIResponse.m; sourceTree = "<group>"; };
		395E4CC41A51EA5D006361BA /* MobileCoreServices.framework */ = {isa = PBXFileReference; lastKnownFileType = wrapper.framework; name = MobileCoreServices.framework; path = System/Library/Frameworks/MobileCoreServices.framework; sourceTree = SDKROOT; };
		395E4CC61A51EA80006361BA /* SystemConfiguration.framework */ = {isa = PBXFileReference; lastKnownFileType = wrapper.framework; name = SystemConfiguration.framework; path = System/Library/Frameworks/SystemConfiguration.framework; sourceTree = SDKROOT; };
		395E4CC81A51EAB8006361BA /* libbz2.1.0.dylib */ = {isa = PBXFileReference; lastKnownFileType = "compiled.mach-o.dylib"; name = libbz2.1.0.dylib; path = usr/lib/libbz2.1.0.dylib; sourceTree = SDKROOT; };
		395E4CCA1A51EAE6006361BA /* libz.dylib */ = {isa = PBXFileReference; lastKnownFileType = "compiled.mach-o.dylib"; name = libz.dylib; path = usr/lib/libz.dylib; sourceTree = SDKROOT; };
		395E4CCC1A51EAF2006361BA /* CFNetwork.framework */ = {isa = PBXFileReference; lastKnownFileType = wrapper.framework; name = CFNetwork.framework; path = System/Library/Frameworks/CFNetwork.framework; sourceTree = SDKROOT; };
		395E4CCE1A51F05B006361BA /* libresolv.dylib */ = {isa = PBXFileReference; lastKnownFileType = "compiled.mach-o.dylib"; name = libresolv.dylib; path = usr/lib/libresolv.dylib; sourceTree = SDKROOT; };
		395E4CD11A51F204006361BA /* MBProgressHUD.h */ = {isa = PBXFileReference; fileEncoding = 4; lastKnownFileType = sourcecode.c.h; path = MBProgressHUD.h; sourceTree = "<group>"; };
		395E4CD21A51F204006361BA /* MBProgressHUD.m */ = {isa = PBXFileReference; fileEncoding = 4; lastKnownFileType = sourcecode.c.objc; path = MBProgressHUD.m; sourceTree = "<group>"; };
		395E4CDA1A521826006361BA /* ChatMessageTableViewCell.h */ = {isa = PBXFileReference; fileEncoding = 4; lastKnownFileType = sourcecode.c.h; path = ChatMessageTableViewCell.h; sourceTree = "<group>"; };
		395E4CDB1A521826006361BA /* ChatMessageTableViewCell.m */ = {isa = PBXFileReference; fileEncoding = 4; lastKnownFileType = sourcecode.c.objc; path = ChatMessageTableViewCell.m; sourceTree = "<group>"; };
		395E4CDE1A521AC0006361BA /* CharactersEscapeService.h */ = {isa = PBXFileReference; fileEncoding = 4; lastKnownFileType = sourcecode.c.h; path = CharactersEscapeService.h; sourceTree = "<group>"; };
		395E4CDF1A521AC0006361BA /* CharactersEscapeService.m */ = {isa = PBXFileReference; fileEncoding = 4; lastKnownFileType = sourcecode.c.objc; path = CharactersEscapeService.m; sourceTree = "<group>"; };
		395E4CE01A521AC0006361BA /* ChatService.h */ = {isa = PBXFileReference; fileEncoding = 4; lastKnownFileType = sourcecode.c.h; path = ChatService.h; sourceTree = "<group>"; };
		395E4CE11A521AC0006361BA /* ChatService.m */ = {isa = PBXFileReference; fileEncoding = 4; lastKnownFileType = sourcecode.c.objc; path = ChatService.m; sourceTree = "<group>"; };
		395E4CE21A521AC0006361BA /* LocalStorageService.h */ = {isa = PBXFileReference; fileEncoding = 4; lastKnownFileType = sourcecode.c.h; path = LocalStorageService.h; sourceTree = "<group>"; };
		395E4CE31A521AC0006361BA /* LocalStorageService.m */ = {isa = PBXFileReference; fileEncoding = 4; lastKnownFileType = sourcecode.c.objc; path = LocalStorageService.m; sourceTree = "<group>"; };
		396769971A5BFC99003444D2 /* Logon Screen.001.jpg */ = {isa = PBXFileReference; lastKnownFileType = image.jpeg; path = "Logon Screen.001.jpg"; sourceTree = "<group>"; };
		3967699F1A5BFDA9003444D2 /* icon.png */ = {isa = PBXFileReference; lastKnownFileType = image.png; path = icon.png; sourceTree = "<group>"; };
		396769A01A5BFDA9003444D2 /* icon@2x.png */ = {isa = PBXFileReference; lastKnownFileType = image.png; path = "icon@2x.png"; sourceTree = "<group>"; };
		396769A31A5BFE4C003444D2 /* loginBackground.jpg */ = {isa = PBXFileReference; lastKnownFileType = image.jpeg; path = loginBackground.jpg; sourceTree = "<group>"; };
		396769B41A5C2578003444D2 /* appIcon29.png */ = {isa = PBXFileReference; lastKnownFileType = image.png; path = appIcon29.png; sourceTree = "<group>"; };
		396769B51A5C2578003444D2 /* appIcon40.png */ = {isa = PBXFileReference; lastKnownFileType = image.png; path = appIcon40.png; sourceTree = "<group>"; };
		396769B61A5C2578003444D2 /* appIcon58.png */ = {isa = PBXFileReference; lastKnownFileType = image.png; path = appIcon58.png; sourceTree = "<group>"; };
		396769B71A5C2578003444D2 /* appIcon76.png */ = {isa = PBXFileReference; lastKnownFileType = image.png; path = appIcon76.png; sourceTree = "<group>"; };
		396769B81A5C2578003444D2 /* appIcon80.png */ = {isa = PBXFileReference; lastKnownFileType = image.png; path = appIcon80.png; sourceTree = "<group>"; };
		396769B91A5C2578003444D2 /* appIcon87.png */ = {isa = PBXFileReference; lastKnownFileType = image.png; path = appIcon87.png; sourceTree = "<group>"; };
		396769BA1A5C2578003444D2 /* appIcon120.png */ = {isa = PBXFileReference; lastKnownFileType = image.png; path = appIcon120.png; sourceTree = "<group>"; };
		396769BB1A5C2578003444D2 /* appIcon152.png */ = {isa = PBXFileReference; lastKnownFileType = image.png; path = appIcon152.png; sourceTree = "<group>"; };
		396769BC1A5C2578003444D2 /* appIcon180.png */ = {isa = PBXFileReference; lastKnownFileType = image.png; path = appIcon180.png; sourceTree = "<group>"; };
		396769C71A5C3720003444D2 /* Arial Narrow.ttf */ = {isa = PBXFileReference; lastKnownFileType = file; path = "Arial Narrow.ttf"; sourceTree = "<group>"; };
		3969931E1A5D5D0700AFD089 /* Utilities.h */ = {isa = PBXFileReference; fileEncoding = 4; lastKnownFileType = sourcecode.c.h; path = Utilities.h; sourceTree = "<group>"; };
		3969931F1A5D5D0700AFD089 /* Utilities.m */ = {isa = PBXFileReference; fileEncoding = 4; lastKnownFileType = sourcecode.c.objc; path = Utilities.m; sourceTree = "<group>"; };
		398AAD9C1A51DE530003EF8C /* CarHds.app */ = {isa = PBXFileReference; explicitFileType = wrapper.application; includeInIndex = 0; path = CarHds.app; sourceTree = BUILT_PRODUCTS_DIR; };
		398AADA01A51DE530003EF8C /* Info.plist */ = {isa = PBXFileReference; lastKnownFileType = text.plist.xml; path = Info.plist; sourceTree = "<group>"; };
		398AADA11A51DE530003EF8C /* main.m */ = {isa = PBXFileReference; lastKnownFileType = sourcecode.c.objc; path = main.m; sourceTree = "<group>"; };
		398AADA31A51DE530003EF8C /* AppDelegate.h */ = {isa = PBXFileReference; lastKnownFileType = sourcecode.c.h; path = AppDelegate.h; sourceTree = "<group>"; };
		398AADA41A51DE530003EF8C /* AppDelegate.m */ = {isa = PBXFileReference; lastKnownFileType = sourcecode.c.objc; path = AppDelegate.m; sourceTree = "<group>"; };
		398AADAA1A51DE530003EF8C /* Base */ = {isa = PBXFileReference; lastKnownFileType = file.storyboard; name = Base; path = Base.lproj/Main.storyboard; sourceTree = "<group>"; };
		398AADAC1A51DE530003EF8C /* Images.xcassets */ = {isa = PBXFileReference; lastKnownFileType = folder.assetcatalog; path = Images.xcassets; sourceTree = "<group>"; };
		398AADAF1A51DE530003EF8C /* Base */ = {isa = PBXFileReference; lastKnownFileType = file.xib; name = Base; path = Base.lproj/LaunchScreen.xib; sourceTree = "<group>"; };
		398AADB51A51DE530003EF8C /* CarHdsTests.xctest */ = {isa = PBXFileReference; explicitFileType = wrapper.cfbundle; includeInIndex = 0; path = CarHdsTests.xctest; sourceTree = BUILT_PRODUCTS_DIR; };
		398AADBA1A51DE530003EF8C /* Info.plist */ = {isa = PBXFileReference; lastKnownFileType = text.plist.xml; path = Info.plist; sourceTree = "<group>"; };
		398AADBB1A51DE530003EF8C /* CarHdsTests.m */ = {isa = PBXFileReference; lastKnownFileType = sourcecode.c.objc; path = CarHdsTests.m; sourceTree = "<group>"; };
		398AADC91A51DF030003EF8C /* AbstractViewController.h */ = {isa = PBXFileReference; fileEncoding = 4; lastKnownFileType = sourcecode.c.h; path = AbstractViewController.h; sourceTree = "<group>"; };
		398AADCA1A51DF030003EF8C /* AbstractViewController.m */ = {isa = PBXFileReference; fileEncoding = 4; lastKnownFileType = sourcecode.c.objc; path = AbstractViewController.m; sourceTree = "<group>"; };
		398AADD01A51DF360003EF8C /* UIKit.framework */ = {isa = PBXFileReference; lastKnownFileType = wrapper.framework; name = UIKit.framework; path = System/Library/Frameworks/UIKit.framework; sourceTree = SDKROOT; };
		398AADD21A51DF470003EF8C /* CoreGraphics.framework */ = {isa = PBXFileReference; lastKnownFileType = wrapper.framework; name = CoreGraphics.framework; path = System/Library/Frameworks/CoreGraphics.framework; sourceTree = SDKROOT; };
		398AADD41A51DF5F0003EF8C /* Quickblox.framework */ = {isa = PBXFileReference; lastKnownFileType = wrapper.framework; path = Quickblox.framework; sourceTree = "<group>"; };
		399A54651A66D199003FA861 /* ForgetPasswordViewController.h */ = {isa = PBXFileReference; fileEncoding = 4; lastKnownFileType = sourcecode.c.h; path = ForgetPasswordViewController.h; sourceTree = "<group>"; };
		399A54661A66D199003FA861 /* ForgetPasswordViewController.m */ = {isa = PBXFileReference; fileEncoding = 4; lastKnownFileType = sourcecode.c.objc; path = ForgetPasswordViewController.m; sourceTree = "<group>"; };
		4BAFC51E1B37CC0C00F299F2 /* dontHaveAccountBorder.png */ = {isa = PBXFileReference; lastKnownFileType = image.png; path = dontHaveAccountBorder.png; sourceTree = "<group>"; };
		4BAFC51F1B37CC0C00F299F2 /* dontHaveAccountBorder@2x.png */ = {isa = PBXFileReference; lastKnownFileType = image.png; path = "dontHaveAccountBorder@2x.png"; sourceTree = "<group>"; };
		4BAFC5251B37E41600F299F2 /* LoginViewController.h */ = {isa = PBXFileReference; fileEncoding = 4; lastKnownFileType = sourcecode.c.h; path = LoginViewController.h; sourceTree = "<group>"; };
		4BAFC5261B37E41600F299F2 /* LoginViewController.m */ = {isa = PBXFileReference; fileEncoding = 4; lastKnownFileType = sourcecode.c.objc; path = LoginViewController.m; sourceTree = "<group>"; };
		4BBBF6FE1B3828800073828D /* JoinRoomViewControllerClient.h */ = {isa = PBXFileReference; fileEncoding = 4; lastKnownFileType = sourcecode.c.h; path = JoinRoomViewControllerClient.h; sourceTree = "<group>"; };
		4BBBF6FF1B3828800073828D /* JoinRoomViewControllerClient.m */ = {isa = PBXFileReference; fileEncoding = 4; lastKnownFileType = sourcecode.c.objc; path = JoinRoomViewControllerClient.m; sourceTree = "<group>"; };
		4BBBF7011B3828AC0073828D /* JoinRoomViewControllerHost.h */ = {isa = PBXFileReference; fileEncoding = 4; lastKnownFileType = sourcecode.c.h; path = JoinRoomViewControllerHost.h; sourceTree = "<group>"; };
		4BBBF7021B3828AC0073828D /* JoinRoomViewControllerHost.m */ = {isa = PBXFileReference; fileEncoding = 4; lastKnownFileType = sourcecode.c.objc; path = JoinRoomViewControllerHost.m; sourceTree = "<group>"; };
		4BD3E6201B3AAF380027387C /* UIButtonHelper.h */ = {isa = PBXFileReference; fileEncoding = 4; lastKnownFileType = sourcecode.c.h; path = UIButtonHelper.h; sourceTree = "<group>"; };
		4BD3E6211B3AAF380027387C /* UIButtonHelper.m */ = {isa = PBXFileReference; fileEncoding = 4; lastKnownFileType = sourcecode.c.objc; path = UIButtonHelper.m; sourceTree = "<group>"; };
/* End PBXFileReference section */

/* Begin PBXFrameworksBuildPhase section */
		398AAD991A51DE530003EF8C /* Frameworks */ = {
			isa = PBXFrameworksBuildPhase;
			buildActionMask = 2147483647;
			files = (
				21E1424D1B07B5DE00E1FD79 /* libGoogleAnalyticsServices.a in Frameworks */,
				21E1424B1B07B5C100E1FD79 /* libsqlite3.dylib in Frameworks */,
				395E4CCB1A51EAE6006361BA /* libz.dylib in Frameworks */,
				21E142491B07B5A200E1FD79 /* CoreData.framework in Frameworks */,
				39116A151A5453600043C245 /* Foundation.framework in Frameworks */,
				398AADD31A51DF470003EF8C /* CoreGraphics.framework in Frameworks */,
				39116A131A5453520043C245 /* GLKit.framework in Frameworks */,
				39116A111A54534B0043C245 /* OpenGLES.framework in Frameworks */,
				39116A191A5453840043C245 /* Instabug.framework in Frameworks */,
				395E4CC71A51EA80006361BA /* SystemConfiguration.framework in Frameworks */,
				39116A0F1A54533E0043C245 /* MessageUI.framework in Frameworks */,
				398AADD11A51DF360003EF8C /* UIKit.framework in Frameworks */,
				39116A0D1A5453310043C245 /* QuartzCore.framework in Frameworks */,
				39116A0B1A54532B0043C245 /* AudioToolbox.framework in Frameworks */,
				39116A091A5453250043C245 /* CoreTelephony.framework in Frameworks */,
				39116A071A54531F0043C245 /* CoreMotion.framework in Frameworks */,
				39116A051A5453170043C245 /* libc++.dylib in Frameworks */,
				395E4CCF1A51F05B006361BA /* libresolv.dylib in Frameworks */,
				395E4CCD1A51EAF2006361BA /* CFNetwork.framework in Frameworks */,
				395E4CC51A51EA5D006361BA /* MobileCoreServices.framework in Frameworks */,
				395E4CBE1A51E401006361BA /* libxml2.dylib in Frameworks */,
				398AADD51A51DF5F0003EF8C /* Quickblox.framework in Frameworks */,
			);
			runOnlyForDeploymentPostprocessing = 0;
		};
		398AADB21A51DE530003EF8C /* Frameworks */ = {
			isa = PBXFrameworksBuildPhase;
			buildActionMask = 2147483647;
			files = (
			);
			runOnlyForDeploymentPostprocessing = 0;
		};
/* End PBXFrameworksBuildPhase section */

/* Begin PBXGroup section */
		21E1424E1B07B5FF00E1FD79 /* GoogleAnalytics */ = {
			isa = PBXGroup;
			children = (
				21E1424F1B07B62800E1FD79 /* Library */,
			);
			name = GoogleAnalytics;
			sourceTree = "<group>";
		};
		21E1424F1B07B62800E1FD79 /* Library */ = {
			isa = PBXGroup;
			children = (
				21E142501B07B62800E1FD79 /* GAI.h */,
				21E142511B07B62800E1FD79 /* GAIDictionaryBuilder.h */,
				21E142521B07B62800E1FD79 /* GAIEcommerceFields.h */,
				21E142531B07B62800E1FD79 /* GAIEcommerceProduct.h */,
				21E142541B07B62800E1FD79 /* GAIEcommerceProductAction.h */,
				21E142551B07B62800E1FD79 /* GAIEcommercePromotion.h */,
				21E142561B07B62800E1FD79 /* GAIFields.h */,
				21E142571B07B62800E1FD79 /* GAILogger.h */,
				21E142581B07B62800E1FD79 /* GAITrackedViewController.h */,
				21E142591B07B62800E1FD79 /* GAITracker.h */,
			);
			name = Library;
			path = GoogleAnalyticsServicesiOS_3.12/GoogleAnalytics/Library;
			sourceTree = "<group>";
		};
		2FE0F11D1B14D5C10070B052 /* HostMeeting */ = {
			isa = PBXGroup;
			children = (
				2FE0F11E1B14D5C10070B052 /* closeBtn.png */,
				2FE0F11F1B14D5C10070B052 /* closeBtn@2x.png */,
				2FE0F1201B14D5C10070B052 /* meetingBreakBtn.png */,
				2FE0F1211B14D5C10070B052 /* meetingBreakBtn@2x.png */,
			);
			path = HostMeeting;
			sourceTree = "<group>";
		};
		390424491A52F73100370E80 /* MeetingHandler */ = {
			isa = PBXGroup;
			children = (
				3904244A1A52F74200370E80 /* MeetingHandler.h */,
				3904244B1A52F74200370E80 /* MeetingHandler.m */,
			);
			name = MeetingHandler;
			path = ../MeetingHandler;
			sourceTree = "<group>";
		};
		3904244D1A530E0000370E80 /* JsonMessageParser */ = {
			isa = PBXGroup;
			children = (
				3904244E1A530E7900370E80 /* JsonMessageParser.h */,
				3904244F1A530E7900370E80 /* JsonMessageParser.m */,
			);
			path = JsonMessageParser;
			sourceTree = "<group>";
		};
		390424511A53182F00370E80 /* TouchJSON-master */ = {
			isa = PBXGroup;
			children = (
				390424571A53182F00370E80 /* Source */,
			);
			path = "TouchJSON-master";
			sourceTree = "<group>";
		};
		390424571A53182F00370E80 /* Source */ = {
			isa = PBXGroup;
			children = (
				390424581A53182F00370E80 /* CJSONDeserializer.h */,
				390424591A53182F00370E80 /* CJSONDeserializer.m */,
				3904245A1A53182F00370E80 /* CJSONSerializer.h */,
				3904245B1A53182F00370E80 /* CJSONSerializer.m */,
				3904245C1A53182F00370E80 /* JSONRepresentation.h */,
				3904245D1A53182F00370E80 /* NSDictionary_JSONExtensions.h */,
				3904245E1A53182F00370E80 /* NSDictionary_JSONExtensions.m */,
			);
			path = Source;
			sourceTree = "<group>";
		};
		3908BF231A532C5000017D84 /* Graphics */ = {
			isa = PBXGroup;
			children = (
				2FE0F11D1B14D5C10070B052 /* HostMeeting */,
				21FD7BF41AF9141600B4E195 /* share_btn.png */,
				21FD7BF51AF9141600B4E195 /* share_btn@2x.png */,
				396769AB1A5C235F003444D2 /* AppIcon */,
				396769921A5BFC99003444D2 /* Login */,
				391C20991A5AD73900A44F30 /* Register */,
				3908BF241A532C5000017D84 /* CardsPhotos */,
			);
			path = Graphics;
			sourceTree = "<group>";
		};
		3908BF241A532C5000017D84 /* CardsPhotos */ = {
			isa = PBXGroup;
			children = (
				394680C91A63168700ECA925 /* meetingConclusion1Gray.png */,
				394680CA1A63168700ECA925 /* meetingConclusion2Gray.png */,
				394680CB1A63168700ECA925 /* meetingConclusion3Gray.png */,
				394680CC1A63168700ECA925 /* participantConclusion1Gray.png */,
				394680CD1A63168700ECA925 /* participantConclusion2Gray.png */,
				394680CE1A63168700ECA925 /* participantConclusion3Gray.png */,
				391C20A61A5B0B3F00A44F30 /* meetingConclusion1.png */,
				391C20A71A5B0B3F00A44F30 /* meetingConclusion2.png */,
				391C20A81A5B0B3F00A44F30 /* meetingConclusion3.png */,
				391C20A91A5B0B3F00A44F30 /* participantConclusion1.png */,
				391C20AA1A5B0B3F00A44F30 /* participantConclusion2.png */,
				391C20AB1A5B0B3F00A44F30 /* participantConclusion3.png */,
				3908BF251A532C5000017D84 /* caRHds for odesk project.1a.png */,
				3908BF261A532C5000017D84 /* caRHds for odesk project.1b.png */,
				3908BF271A532C5000017D84 /* caRHds for odesk project.2a.png */,
				3908BF281A532C5000017D84 /* caRHds for odesk project.2b.png */,
				3908BF291A532C5000017D84 /* caRHds for odesk project.3a.png */,
				3908BF2A1A532C5000017D84 /* caRHds for odesk project.3b.png */,
				3908BF2B1A532C5000017D84 /* caRHds for odesk project.4a.png */,
				3908BF2C1A532C5000017D84 /* caRHds for odesk project.4b.png */,
				3908BF2D1A532C5000017D84 /* caRHds for odesk project.5a.png */,
				3908BF2E1A532C5000017D84 /* caRHds for odesk project.5b.png */,
			);
			path = CardsPhotos;
			sourceTree = "<group>";
		};
		3908BF391A532E8100017D84 /* SingleCardViewController */ = {
			isa = PBXGroup;
			children = (
				3908BF3A1A532E9200017D84 /* SingleCardViewController.h */,
				3908BF3B1A532E9200017D84 /* SingleCardViewController.m */,
			);
			path = SingleCardViewController;
			sourceTree = "<group>";
		};
		39116A1A1A55A4180043C245 /* RegisterViewController */ = {
			isa = PBXGroup;
			children = (
				390424491A52F73100370E80 /* MeetingHandler */,
				39116A1B1A55A42D0043C245 /* RegisterViewController.h */,
				39116A1C1A55A42D0043C245 /* RegisterViewController.m */,
			);
			path = RegisterViewController;
			sourceTree = "<group>";
		};
		391C20991A5AD73900A44F30 /* Register */ = {
			isa = PBXGroup;
			children = (
				2FF20E371B0A3D8C00ACD991 /* textfield_background.png */,
				2FF20E381B0A3D8C00ACD991 /* textfield_background@2x.png */,
				2FF20E331B0A3C2A00ACD991 /* register_btn@2x.png */,
				2FF20E341B0A3C2A00ACD991 /* register_btn.png */,
				2FF20E2F1B0A3BC900ACD991 /* cancel_button.png */,
				2FF20E301B0A3BC900ACD991 /* cancel_button@2x.png */,
				218613E01B07995D00F06E36 /* registerBackground@2x.png */,
				218613E11B07995D00F06E36 /* registerBackground~iPad@2x.png */,
				391C20A21A5AE08000A44F30 /* registerButton_ipad@2x.png */,
				391C20A31A5AE08000A44F30 /* registerButton_ipad.png */,
				391C209A1A5AD73900A44F30 /* emailFieldBgRegister_ipad.png */,
				391C209B1A5AD73900A44F30 /* emailFieldBgRegister_ipad@2x.png */,
				391C209C1A5AD73900A44F30 /* passwordFieldBgRegister_iphone.png */,
				391C209D1A5AD73900A44F30 /* passwordFieldBgRegister_iphone@2x.png */,
			);
			path = Register;
			sourceTree = "<group>";
		};
		391C63CB1A65BF6900CE3273 /* HostConcludeViewController */ = {
			isa = PBXGroup;
			children = (
				391C63CC1A65BF7300CE3273 /* HostConcludeViewController.h */,
				391C63CD1A65BF7300CE3273 /* HostConcludeViewController.m */,
			);
			path = HostConcludeViewController;
			sourceTree = "<group>";
		};
		391F93701A599A470062A7E5 /* ErrorMapper */ = {
			isa = PBXGroup;
			children = (
				391F93711A599A540062A7E5 /* ErrorMapper.h */,
				391F93721A599A540062A7E5 /* ErrorMapper.m */,
			);
			path = ErrorMapper;
			sourceTree = "<group>";
		};
		394680B81A62B53800ECA925 /* HostViewController */ = {
			isa = PBXGroup;
			children = (
				394680B91A62B53800ECA925 /* HostViewController.h */,
				394680BA1A62B53800ECA925 /* HostViewController.m */,
			);
			path = HostViewController;
			sourceTree = "<group>";
		};
		394680C11A62B91900ECA925 /* CardViewController */ = {
			isa = PBXGroup;
			children = (
				394680C21A62B91900ECA925 /* CardViewController.h */,
				394680C31A62B91900ECA925 /* CardViewController.m */,
			);
			path = CardViewController;
			sourceTree = "<group>";
		};
		394680C51A62E32A00ECA925 /* HostConcludeCardController */ = {
			isa = PBXGroup;
			children = (
				394680C61A62E33E00ECA925 /* HostConcludeCardViewController.h */,
				394680C71A62E33E00ECA925 /* HostConcludeCardViewController.m */,
			);
			path = HostConcludeCardController;
			sourceTree = "<group>";
		};
		395E4CB51A51E343006361BA /* ParseManager */ = {
			isa = PBXGroup;
			children = (
				395E4CB71A51E354006361BA /* ParseManager.h */,
				395E4CB81A51E354006361BA /* ParseManager.m */,
			);
			path = ParseManager;
			sourceTree = "<group>";
		};
		395E4CB61A51E343006361BA /* QuickBloxManager */ = {
			isa = PBXGroup;
			children = (
				395E4CBA1A51E36E006361BA /* QuickBloxManager.h */,
				395E4CBB1A51E36E006361BA /* QuickBloxManager.m */,
			);
			path = QuickBloxManager;
			sourceTree = "<group>";
		};
		395E4CBF1A51E4C1006361BA /* HelperClasses */ = {
			isa = PBXGroup;
			children = (
				3969931D1A5D5CF300AFD089 /* Utilities */,
				391F93701A599A470062A7E5 /* ErrorMapper */,
				390424511A53182F00370E80 /* TouchJSON-master */,
				395E4CDD1A521AC0006361BA /* Services */,
				395E4CD01A51F204006361BA /* MBProgressHUD */,
				395E4CC01A51E4D6006361BA /* Callback Responses */,
				4BD3E6231B3ADD2C0027387C /* UIButton Helper */,
			);
			path = HelperClasses;
			sourceTree = "<group>";
		};
		395E4CC01A51E4D6006361BA /* Callback Responses */ = {
			isa = PBXGroup;
			children = (
				395E4CC11A51E4E1006361BA /* APIResponse.h */,
				395E4CC21A51E4E1006361BA /* APIResponse.m */,
			);
			path = "Callback Responses";
			sourceTree = "<group>";
		};
		395E4CD01A51F204006361BA /* MBProgressHUD */ = {
			isa = PBXGroup;
			children = (
				395E4CD11A51F204006361BA /* MBProgressHUD.h */,
				395E4CD21A51F204006361BA /* MBProgressHUD.m */,
			);
			path = MBProgressHUD;
			sourceTree = "<group>";
		};
		395E4CD41A521693006361BA /* ClientViewController */ = {
			isa = PBXGroup;
			children = (
				3908BF391A532E8100017D84 /* SingleCardViewController */,
				390424461A52D9FC00370E80 /* ClientViewController.h */,
				390424471A52D9FC00370E80 /* ClientViewController.m */,
			);
			path = ClientViewController;
			sourceTree = "<group>";
		};
		395E4CD51A521693006361BA /* HostViewController */ = {
			isa = PBXGroup;
			children = (
				391C63CB1A65BF6900CE3273 /* HostConcludeViewController */,
				394680C51A62E32A00ECA925 /* HostConcludeCardController */,
				394680B81A62B53800ECA925 /* HostViewController */,
				395E4CD91A521826006361BA /* Views */,
			);
			path = HostViewController;
			sourceTree = "<group>";
		};
		395E4CD91A521826006361BA /* Views */ = {
			isa = PBXGroup;
			children = (
				395E4CDA1A521826006361BA /* ChatMessageTableViewCell.h */,
				395E4CDB1A521826006361BA /* ChatMessageTableViewCell.m */,
			);
			path = Views;
			sourceTree = "<group>";
		};
		395E4CDD1A521AC0006361BA /* Services */ = {
			isa = PBXGroup;
			children = (
				395E4CDE1A521AC0006361BA /* CharactersEscapeService.h */,
				395E4CDF1A521AC0006361BA /* CharactersEscapeService.m */,
				395E4CE01A521AC0006361BA /* ChatService.h */,
				395E4CE11A521AC0006361BA /* ChatService.m */,
				395E4CE21A521AC0006361BA /* LocalStorageService.h */,
				395E4CE31A521AC0006361BA /* LocalStorageService.m */,
			);
			path = Services;
			sourceTree = "<group>";
		};
		396769921A5BFC99003444D2 /* Login */ = {
			isa = PBXGroup;
			children = (
				4BAFC51E1B37CC0C00F299F2 /* dontHaveAccountBorder.png */,
				4BAFC51F1B37CC0C00F299F2 /* dontHaveAccountBorder@2x.png */,
				2FF20E411B0A4AD400ACD991 /* checkbox_checked.png */,
				2FC296841B1CA291006DD593 /* gobutton.png */,
				2FC296851B1CA291006DD593 /* gobutton@2x.png */,
				2FF20E421B0A4AD400ACD991 /* checkbox_checked@2x.png */,
				2FF20E3F1B0A409600ACD991 /* checkbox_new.png */,
				2FF20E2D1B0A314E00ACD991 /* checkbox_new@2x.png */,
				3967699F1A5BFDA9003444D2 /* icon.png */,
				396769A01A5BFDA9003444D2 /* icon@2x.png */,
				396769931A5BFC99003444D2 /* caRHds background */,
				396769971A5BFC99003444D2 /* Logon Screen.001.jpg */,
			);
			path = Login;
			sourceTree = "<group>";
		};
		396769931A5BFC99003444D2 /* caRHds background */ = {
			isa = PBXGroup;
			children = (
				2FF20E231B0A2F6100ACD991 /* iphone_background@2x.png */,
				2FF20E2B1B0A2FA900ACD991 /* background@2x.png */,
				2FF20E271B0A2F6F00ACD991 /* background.png */,
				2FF20E241B0A2F6100ACD991 /* iphone_background.png */,
				396769A31A5BFE4C003444D2 /* loginBackground.jpg */,
			);
			path = "caRHds background";
			sourceTree = "<group>";
		};
		396769AB1A5C235F003444D2 /* AppIcon */ = {
			isa = PBXGroup;
			children = (
				396769B41A5C2578003444D2 /* appIcon29.png */,
				396769B51A5C2578003444D2 /* appIcon40.png */,
				396769B61A5C2578003444D2 /* appIcon58.png */,
				396769B71A5C2578003444D2 /* appIcon76.png */,
				396769B81A5C2578003444D2 /* appIcon80.png */,
				396769B91A5C2578003444D2 /* appIcon87.png */,
				396769BA1A5C2578003444D2 /* appIcon120.png */,
				396769BC1A5C2578003444D2 /* appIcon180.png */,
				396769BB1A5C2578003444D2 /* appIcon152.png */,
			);
			path = AppIcon;
			sourceTree = "<group>";
		};
		396769C61A5C3720003444D2 /* Fonts */ = {
			isa = PBXGroup;
			children = (
				218613DE1B078F2100F06E36 /* AGENDALC.ttf */,
				210BAC7F1AF2A49E00D4BEC0 /* LucidaGrande.ttc */,
				396769C71A5C3720003444D2 /* Arial Narrow.ttf */,
			);
			path = Fonts;
			sourceTree = "<group>";
		};
		3969931D1A5D5CF300AFD089 /* Utilities */ = {
			isa = PBXGroup;
			children = (
				3969931E1A5D5D0700AFD089 /* Utilities.h */,
				3969931F1A5D5D0700AFD089 /* Utilities.m */,
			);
			path = Utilities;
			sourceTree = "<group>";
		};
		398AAD931A51DE530003EF8C = {
			isa = PBXGroup;
			children = (
				398AADC51A51DE870003EF8C /* Frameworks */,
				398AAD9E1A51DE530003EF8C /* CarHds */,
				398AADB81A51DE530003EF8C /* CarHdsTests */,
				398AAD9D1A51DE530003EF8C /* Products */,
			);
			sourceTree = "<group>";
		};
		398AAD9D1A51DE530003EF8C /* Products */ = {
			isa = PBXGroup;
			children = (
				398AAD9C1A51DE530003EF8C /* CarHds.app */,
				398AADB51A51DE530003EF8C /* CarHdsTests.xctest */,
			);
			name = Products;
			sourceTree = "<group>";
		};
		398AAD9E1A51DE530003EF8C /* CarHds */ = {
			isa = PBXGroup;
			children = (
				396769C61A5C3720003444D2 /* Fonts */,
				3908BF231A532C5000017D84 /* Graphics */,
				395E4CBF1A51E4C1006361BA /* HelperClasses */,
				398AADC61A51DE870003EF8C /* Model */,
				398AADC71A51DE870003EF8C /* ViewController */,
				398AAD9F1A51DE530003EF8C /* Supporting Files */,
			);
			path = CarHds;
			sourceTree = "<group>";
		};
		398AAD9F1A51DE530003EF8C /* Supporting Files */ = {
			isa = PBXGroup;
			children = (
				398AADA31A51DE530003EF8C /* AppDelegate.h */,
				398AADA41A51DE530003EF8C /* AppDelegate.m */,
				398AADA91A51DE530003EF8C /* Main.storyboard */,
				398AADAC1A51DE530003EF8C /* Images.xcassets */,
				398AADAE1A51DE530003EF8C /* LaunchScreen.xib */,
				398AADA01A51DE530003EF8C /* Info.plist */,
				398AADA11A51DE530003EF8C /* main.m */,
				39116A1E1A55B0C90043C245 /* Localizable.strings */,
				39116A201A55B1CB0043C245 /* CarHds-Prefix.pch */,
				391F93741A599BFA0062A7E5 /* ErrorMessages.plist */,
			);
			name = "Supporting Files";
			sourceTree = "<group>";
		};
		398AADB81A51DE530003EF8C /* CarHdsTests */ = {
			isa = PBXGroup;
			children = (
				398AADBB1A51DE530003EF8C /* CarHdsTests.m */,
				398AADB91A51DE530003EF8C /* Supporting Files */,
			);
			path = CarHdsTests;
			sourceTree = "<group>";
		};
		398AADB91A51DE530003EF8C /* Supporting Files */ = {
			isa = PBXGroup;
			children = (
				398AADBA1A51DE530003EF8C /* Info.plist */,
			);
			name = "Supporting Files";
			sourceTree = "<group>";
		};
		398AADC51A51DE870003EF8C /* Frameworks */ = {
			isa = PBXGroup;
			children = (
				21E1424E1B07B5FF00E1FD79 /* GoogleAnalytics */,
				21E1424C1B07B5DE00E1FD79 /* libGoogleAnalyticsServices.a */,
				21E1424A1B07B5C100E1FD79 /* libsqlite3.dylib */,
				21E142481B07B5A200E1FD79 /* CoreData.framework */,
				39116A0A1A54532B0043C245 /* AudioToolbox.framework */,
				395E4CCC1A51EAF2006361BA /* CFNetwork.framework */,
				398AADD21A51DF470003EF8C /* CoreGraphics.framework */,
				39116A061A54531F0043C245 /* CoreMotion.framework */,
				39116A081A5453250043C245 /* CoreTelephony.framework */,
				39116A141A5453600043C245 /* Foundation.framework */,
				39116A121A5453520043C245 /* GLKit.framework */,
				39116A161A5453840043C245 /* Instabug.bundle */,
				39116A171A5453840043C245 /* Instabug.framework */,
				395E4CC81A51EAB8006361BA /* libbz2.1.0.dylib */,
				39116A041A5453170043C245 /* libc++.dylib */,
				395E4CCE1A51F05B006361BA /* libresolv.dylib */,
				395E4CBD1A51E401006361BA /* libxml2.dylib */,
				395E4CCA1A51EAE6006361BA /* libz.dylib */,
				39116A0E1A54533E0043C245 /* MessageUI.framework */,
				395E4CC41A51EA5D006361BA /* MobileCoreServices.framework */,
				39116A101A54534B0043C245 /* OpenGLES.framework */,
				39116A0C1A5453310043C245 /* QuartzCore.framework */,
				398AADD41A51DF5F0003EF8C /* Quickblox.framework */,
				395E4CC61A51EA80006361BA /* SystemConfiguration.framework */,
				398AADD01A51DF360003EF8C /* UIKit.framework */,
			);
			name = Frameworks;
			path = CarHds/Frameworks;
			sourceTree = "<group>";
		};
		398AADC61A51DE870003EF8C /* Model */ = {
			isa = PBXGroup;
			children = (
				3904244D1A530E0000370E80 /* JsonMessageParser */,
				395E4CB51A51E343006361BA /* ParseManager */,
				395E4CB61A51E343006361BA /* QuickBloxManager */,
			);
			path = Model;
			sourceTree = "<group>";
		};
		398AADC71A51DE870003EF8C /* ViewController */ = {
			isa = PBXGroup;
			children = (
				399A54641A66D181003FA861 /* ForgetPasswordViewController */,
				394680C11A62B91900ECA925 /* CardViewController */,
				39116A1A1A55A4180043C245 /* RegisterViewController */,
				395E4CD41A521693006361BA /* ClientViewController */,
				395E4CD51A521693006361BA /* HostViewController */,
				398AADC81A51DF030003EF8C /* AbstractViewController */,
				398AADCB1A51DF030003EF8C /* LoginViewController */,
				391C63C51A6590B900CE3273 /* AbstractNavigationController.h */,
				391C63C61A6590B900CE3273 /* AbstractNavigationController.m */,
				391C63C81A65912D00CE3273 /* RotatableNavigationControllerViewController.h */,
				391C63C91A65912D00CE3273 /* RotatableNavigationControllerViewController.m */,
				4BBBF6FE1B3828800073828D /* JoinRoomViewControllerClient.h */,
				4BBBF6FF1B3828800073828D /* JoinRoomViewControllerClient.m */,
				4BBBF7011B3828AC0073828D /* JoinRoomViewControllerHost.h */,
				4BBBF7021B3828AC0073828D /* JoinRoomViewControllerHost.m */,
			);
			path = ViewController;
			sourceTree = "<group>";
		};
		398AADC81A51DF030003EF8C /* AbstractViewController */ = {
			isa = PBXGroup;
			children = (
				398AADC91A51DF030003EF8C /* AbstractViewController.h */,
				398AADCA1A51DF030003EF8C /* AbstractViewController.m */,
			);
			path = AbstractViewController;
			sourceTree = "<group>";
		};
		398AADCB1A51DF030003EF8C /* LoginViewController */ = {
			isa = PBXGroup;
			children = (
				4BAFC5251B37E41600F299F2 /* LoginViewController.h */,
				4BAFC5261B37E41600F299F2 /* LoginViewController.m */,
			);
			path = LoginViewController;
			sourceTree = "<group>";
		};
		399A54641A66D181003FA861 /* ForgetPasswordViewController */ = {
			isa = PBXGroup;
			children = (
				399A54651A66D199003FA861 /* ForgetPasswordViewController.h */,
				399A54661A66D199003FA861 /* ForgetPasswordViewController.m */,
			);
			path = ForgetPasswordViewController;
			sourceTree = "<group>";
		};
		4BD3E6231B3ADD2C0027387C /* UIButton Helper */ = {
			isa = PBXGroup;
			children = (
				4BD3E6201B3AAF380027387C /* UIButtonHelper.h */,
				4BD3E6211B3AAF380027387C /* UIButtonHelper.m */,
			);
			name = "UIButton Helper";
			sourceTree = "<group>";
		};
/* End PBXGroup section */

/* Begin PBXNativeTarget section */
		398AAD9B1A51DE530003EF8C /* CarHds */ = {
			isa = PBXNativeTarget;
			buildConfigurationList = 398AADBF1A51DE530003EF8C /* Build configuration list for PBXNativeTarget "CarHds" */;
			buildPhases = (
				398AAD981A51DE530003EF8C /* Sources */,
				398AAD991A51DE530003EF8C /* Frameworks */,
				398AAD9A1A51DE530003EF8C /* Resources */,
			);
			buildRules = (
			);
			dependencies = (
			);
			name = CarHds;
			productName = CarHds;
			productReference = 398AAD9C1A51DE530003EF8C /* CarHds.app */;
			productType = "com.apple.product-type.application";
		};
		398AADB41A51DE530003EF8C /* CarHdsTests */ = {
			isa = PBXNativeTarget;
			buildConfigurationList = 398AADC21A51DE530003EF8C /* Build configuration list for PBXNativeTarget "CarHdsTests" */;
			buildPhases = (
				398AADB11A51DE530003EF8C /* Sources */,
				398AADB21A51DE530003EF8C /* Frameworks */,
				398AADB31A51DE530003EF8C /* Resources */,
			);
			buildRules = (
			);
			dependencies = (
				398AADB71A51DE530003EF8C /* PBXTargetDependency */,
			);
			name = CarHdsTests;
			productName = CarHdsTests;
			productReference = 398AADB51A51DE530003EF8C /* CarHdsTests.xctest */;
			productType = "com.apple.product-type.bundle.unit-test";
		};
/* End PBXNativeTarget section */

/* Begin PBXProject section */
		398AAD941A51DE530003EF8C /* Project object */ = {
			isa = PBXProject;
			attributes = {
				LastUpgradeCheck = 0600;
				ORGANIZATIONNAME = Inova;
				TargetAttributes = {
					398AAD9B1A51DE530003EF8C = {
						CreatedOnToolsVersion = 6.0;
						DevelopmentTeam = 6GR2XQ5654;
					};
					398AADB41A51DE530003EF8C = {
						CreatedOnToolsVersion = 6.0;
						TestTargetID = 398AAD9B1A51DE530003EF8C;
					};
				};
			};
			buildConfigurationList = 398AAD971A51DE530003EF8C /* Build configuration list for PBXProject "CarHds" */;
			compatibilityVersion = "Xcode 3.2";
			developmentRegion = English;
			hasScannedForEncodings = 0;
			knownRegions = (
				en,
				Base,
			);
			mainGroup = 398AAD931A51DE530003EF8C;
			productRefGroup = 398AAD9D1A51DE530003EF8C /* Products */;
			projectDirPath = "";
			projectRoot = "";
			targets = (
				398AAD9B1A51DE530003EF8C /* CarHds */,
				398AADB41A51DE530003EF8C /* CarHdsTests */,
			);
		};
/* End PBXProject section */

/* Begin PBXResourcesBuildPhase section */
		398AAD9A1A51DE530003EF8C /* Resources */ = {
			isa = PBXResourcesBuildPhase;
			buildActionMask = 2147483647;
			files = (
				218613E31B07995D00F06E36 /* registerBackground~iPad@2x.png in Resources */,
				2FF20E3A1B0A3D8C00ACD991 /* textfield_background@2x.png in Resources */,
				396769C31A5C2578003444D2 /* appIcon120.png in Resources */,
				3967699B1A5BFC99003444D2 /* Logon Screen.001.jpg in Resources */,
				396769A41A5BFE4C003444D2 /* loginBackground.jpg in Resources */,
				2FE0F1251B14D5C10070B052 /* meetingBreakBtn@2x.png in Resources */,
				3908BF361A532C5000017D84 /* caRHds for odesk project.4b.png in Resources */,
				391C20A11A5AD73900A44F30 /* passwordFieldBgRegister_iphone@2x.png in Resources */,
				394680CF1A63168700ECA925 /* meetingConclusion1Gray.png in Resources */,
				21FD7BF61AF9141600B4E195 /* share_btn.png in Resources */,
				3908BF311A532C5000017D84 /* caRHds for odesk project.2a.png in Resources */,
				2FF20E2C1B0A2FA900ACD991 /* background@2x.png in Resources */,
				39116A181A5453840043C245 /* Instabug.bundle in Resources */,
				2FF20E391B0A3D8C00ACD991 /* textfield_background.png in Resources */,
				2FF20E281B0A2F6F00ACD991 /* background.png in Resources */,
				396769C51A5C2578003444D2 /* appIcon180.png in Resources */,
				2FC296871B1CA291006DD593 /* gobutton@2x.png in Resources */,
				2FE0F1221B14D5C10070B052 /* closeBtn.png in Resources */,
				396769BF1A5C2578003444D2 /* appIcon58.png in Resources */,
				3908BF321A532C5000017D84 /* caRHds for odesk project.2b.png in Resources */,
				218613E21B07995D00F06E36 /* registerBackground@2x.png in Resources */,
				396769C41A5C2578003444D2 /* appIcon152.png in Resources */,
				3908BF351A532C5000017D84 /* caRHds for odesk project.4a.png in Resources */,
				396769BD1A5C2578003444D2 /* appIcon29.png in Resources */,
				398AADAB1A51DE530003EF8C /* Main.storyboard in Resources */,
				391C20A41A5AE08000A44F30 /* registerButton_ipad@2x.png in Resources */,
				396769A11A5BFDA9003444D2 /* icon.png in Resources */,
				391C209F1A5AD73900A44F30 /* emailFieldBgRegister_ipad@2x.png in Resources */,
				210BAC801AF2A49E00D4BEC0 /* LucidaGrande.ttc in Resources */,
				218613DF1B078F2100F06E36 /* AGENDALC.ttf in Resources */,
				396769A21A5BFDA9003444D2 /* icon@2x.png in Resources */,
				394680D01A63168700ECA925 /* meetingConclusion2Gray.png in Resources */,
				2FE0F1231B14D5C10070B052 /* closeBtn@2x.png in Resources */,
				4BAFC5211B37CC0C00F299F2 /* dontHaveAccountBorder@2x.png in Resources */,
				398AADB01A51DE530003EF8C /* LaunchScreen.xib in Resources */,
				2FF20E441B0A4AD400ACD991 /* checkbox_checked@2x.png in Resources */,
				396769BE1A5C2578003444D2 /* appIcon40.png in Resources */,
				394680D41A63168700ECA925 /* participantConclusion3Gray.png in Resources */,
				391C20AE1A5B0B3F00A44F30 /* meetingConclusion3.png in Resources */,
				391C20AC1A5B0B3F00A44F30 /* meetingConclusion1.png in Resources */,
				396769C01A5C2578003444D2 /* appIcon76.png in Resources */,
				3908BF371A532C5000017D84 /* caRHds for odesk project.5a.png in Resources */,
				2FF20E361B0A3C2A00ACD991 /* register_btn.png in Resources */,
				21FD7BF71AF9141600B4E195 /* share_btn@2x.png in Resources */,
				2FF20E311B0A3BC900ACD991 /* cancel_button.png in Resources */,
				391C209E1A5AD73900A44F30 /* emailFieldBgRegister_ipad.png in Resources */,
				2FF20E321B0A3BC900ACD991 /* cancel_button@2x.png in Resources */,
				3908BF301A532C5000017D84 /* caRHds for odesk project.1b.png in Resources */,
				396769C11A5C2578003444D2 /* appIcon80.png in Resources */,
				3908BF2F1A532C5000017D84 /* caRHds for odesk project.1a.png in Resources */,
				2FF20E251B0A2F6100ACD991 /* iphone_background@2x.png in Resources */,
				391C20A51A5AE08000A44F30 /* registerButton_ipad.png in Resources */,
				394680D21A63168700ECA925 /* participantConclusion1Gray.png in Resources */,
				39116A1F1A55B0C90043C245 /* Localizable.strings in Resources */,
				394680D11A63168700ECA925 /* meetingConclusion3Gray.png in Resources */,
				4BAFC5201B37CC0C00F299F2 /* dontHaveAccountBorder.png in Resources */,
				391C20AD1A5B0B3F00A44F30 /* meetingConclusion2.png in Resources */,
				2FE0F1241B14D5C10070B052 /* meetingBreakBtn.png in Resources */,
				2FC296861B1CA291006DD593 /* gobutton.png in Resources */,
				2FF20E431B0A4AD400ACD991 /* checkbox_checked.png in Resources */,
				2FF20E351B0A3C2A00ACD991 /* register_btn@2x.png in Resources */,
				3908BF341A532C5000017D84 /* caRHds for odesk project.3b.png in Resources */,
				3908BF381A532C5000017D84 /* caRHds for odesk project.5b.png in Resources */,
				391C20B01A5B0B3F00A44F30 /* participantConclusion2.png in Resources */,
				2FF20E261B0A2F6100ACD991 /* iphone_background.png in Resources */,
				3908BF331A532C5000017D84 /* caRHds for odesk project.3a.png in Resources */,
				398AADAD1A51DE530003EF8C /* Images.xcassets in Resources */,
				2FF20E401B0A409600ACD991 /* checkbox_new.png in Resources */,
				391C20B11A5B0B3F00A44F30 /* participantConclusion3.png in Resources */,
				394680D31A63168700ECA925 /* participantConclusion2Gray.png in Resources */,
				391F93751A599BFA0062A7E5 /* ErrorMessages.plist in Resources */,
				391C20AF1A5B0B3F00A44F30 /* participantConclusion1.png in Resources */,
				396769C21A5C2578003444D2 /* appIcon87.png in Resources */,
				2FF20E2E1B0A314E00ACD991 /* checkbox_new@2x.png in Resources */,
				396769C81A5C3720003444D2 /* Arial Narrow.ttf in Resources */,
				391C20A01A5AD73900A44F30 /* passwordFieldBgRegister_iphone.png in Resources */,
			);
			runOnlyForDeploymentPostprocessing = 0;
		};
		398AADB31A51DE530003EF8C /* Resources */ = {
			isa = PBXResourcesBuildPhase;
			buildActionMask = 2147483647;
			files = (
			);
			runOnlyForDeploymentPostprocessing = 0;
		};
/* End PBXResourcesBuildPhase section */

/* Begin PBXSourcesBuildPhase section */
		398AAD981A51DE530003EF8C /* Sources */ = {
			isa = PBXSourcesBuildPhase;
			buildActionMask = 2147483647;
			files = (
				4BAFC5271B37E41600F299F2 /* LoginViewController.m in Sources */,
				391F93731A599A540062A7E5 /* ErrorMapper.m in Sources */,
				390424B21A53182F00370E80 /* NSDictionary_JSONExtensions.m in Sources */,
				395E4CE61A521AC0006361BA /* LocalStorageService.m in Sources */,
				399A54671A66D199003FA861 /* ForgetPasswordViewController.m in Sources */,
				4BD3E6221B3AAF380027387C /* UIButtonHelper.m in Sources */,
				395E4CC31A51E4E1006361BA /* APIResponse.m in Sources */,
				395E4CE51A521AC0006361BA /* ChatService.m in Sources */,
				39116A1D1A55A42D0043C245 /* RegisterViewController.m in Sources */,
				3908BF3C1A532E9200017D84 /* SingleCardViewController.m in Sources */,
				395E4CDC1A521826006361BA /* ChatMessageTableViewCell.m in Sources */,
				394680C81A62E33E00ECA925 /* HostConcludeCardViewController.m in Sources */,
				391C63C71A6590B900CE3273 /* AbstractNavigationController.m in Sources */,
				4BBBF7031B3828AC0073828D /* JoinRoomViewControllerHost.m in Sources */,
				3904244C1A52F74200370E80 /* MeetingHandler.m in Sources */,
				395E4CBC1A51E36E006361BA /* QuickBloxManager.m in Sources */,
				390424B01A53182F00370E80 /* CJSONDeserializer.m in Sources */,
				391C63CE1A65BF7300CE3273 /* HostConcludeViewController.m in Sources */,
				394680BB1A62B53800ECA925 /* HostViewController.m in Sources */,
				390424481A52D9FC00370E80 /* ClientViewController.m in Sources */,
				391C63CA1A65912D00CE3273 /* RotatableNavigationControllerViewController.m in Sources */,
				394680C41A62B91900ECA925 /* CardViewController.m in Sources */,
				4BBBF7001B3828800073828D /* JoinRoomViewControllerClient.m in Sources */,
				398AADA51A51DE530003EF8C /* AppDelegate.m in Sources */,
				398AADCE1A51DF030003EF8C /* AbstractViewController.m in Sources */,
				390424501A530E7900370E80 /* JsonMessageParser.m in Sources */,
				398AADA21A51DE530003EF8C /* main.m in Sources */,
				396993201A5D5D0700AFD089 /* Utilities.m in Sources */,
				395E4CB91A51E354006361BA /* ParseManager.m in Sources */,
				395E4CE41A521AC0006361BA /* CharactersEscapeService.m in Sources */,
				390424B11A53182F00370E80 /* CJSONSerializer.m in Sources */,
				395E4CD31A51F204006361BA /* MBProgressHUD.m in Sources */,
			);
			runOnlyForDeploymentPostprocessing = 0;
		};
		398AADB11A51DE530003EF8C /* Sources */ = {
			isa = PBXSourcesBuildPhase;
			buildActionMask = 2147483647;
			files = (
				398AADBC1A51DE530003EF8C /* CarHdsTests.m in Sources */,
			);
			runOnlyForDeploymentPostprocessing = 0;
		};
/* End PBXSourcesBuildPhase section */

/* Begin PBXTargetDependency section */
		398AADB71A51DE530003EF8C /* PBXTargetDependency */ = {
			isa = PBXTargetDependency;
			target = 398AAD9B1A51DE530003EF8C /* CarHds */;
			targetProxy = 398AADB61A51DE530003EF8C /* PBXContainerItemProxy */;
		};
/* End PBXTargetDependency section */

/* Begin PBXVariantGroup section */
		398AADA91A51DE530003EF8C /* Main.storyboard */ = {
			isa = PBXVariantGroup;
			children = (
				398AADAA1A51DE530003EF8C /* Base */,
			);
			name = Main.storyboard;
			sourceTree = "<group>";
		};
		398AADAE1A51DE530003EF8C /* LaunchScreen.xib */ = {
			isa = PBXVariantGroup;
			children = (
				398AADAF1A51DE530003EF8C /* Base */,
			);
			name = LaunchScreen.xib;
			sourceTree = "<group>";
		};
/* End PBXVariantGroup section */

/* Begin XCBuildConfiguration section */
		398AADBD1A51DE530003EF8C /* Debug */ = {
			isa = XCBuildConfiguration;
			buildSettings = {
				ALWAYS_SEARCH_USER_PATHS = NO;
				CLANG_CXX_LANGUAGE_STANDARD = "gnu++0x";
				CLANG_CXX_LIBRARY = "libc++";
				CLANG_ENABLE_MODULES = YES;
				CLANG_ENABLE_OBJC_ARC = YES;
				CLANG_WARN_BOOL_CONVERSION = YES;
				CLANG_WARN_CONSTANT_CONVERSION = YES;
				CLANG_WARN_DIRECT_OBJC_ISA_USAGE = YES_ERROR;
				CLANG_WARN_EMPTY_BODY = YES;
				CLANG_WARN_ENUM_CONVERSION = YES;
				CLANG_WARN_INT_CONVERSION = YES;
				CLANG_WARN_OBJC_ROOT_CLASS = YES_ERROR;
				CLANG_WARN_UNREACHABLE_CODE = YES;
				CLANG_WARN__DUPLICATE_METHOD_MATCH = YES;
				"CODE_SIGN_IDENTITY[sdk=iphoneos*]" = "iPhone Developer";
				COPY_PHASE_STRIP = NO;
				ENABLE_STRICT_OBJC_MSGSEND = YES;
				GCC_C_LANGUAGE_STANDARD = gnu99;
				GCC_DYNAMIC_NO_PIC = NO;
				GCC_OPTIMIZATION_LEVEL = 0;
				GCC_PREPROCESSOR_DEFINITIONS = (
					"DEBUG=1",
					"$(inherited)",
				);
				GCC_SYMBOLS_PRIVATE_EXTERN = NO;
				GCC_WARN_64_TO_32_BIT_CONVERSION = YES;
				GCC_WARN_ABOUT_RETURN_TYPE = YES_ERROR;
				GCC_WARN_UNDECLARED_SELECTOR = YES;
				GCC_WARN_UNINITIALIZED_AUTOS = YES_AGGRESSIVE;
				GCC_WARN_UNUSED_FUNCTION = YES;
				GCC_WARN_UNUSED_VARIABLE = YES;
				IPHONEOS_DEPLOYMENT_TARGET = 8.0;
				MTL_ENABLE_DEBUG_INFO = YES;
				ONLY_ACTIVE_ARCH = YES;
				SDKROOT = iphoneos;
				TARGETED_DEVICE_FAMILY = "1,2";
			};
			name = Debug;
		};
		398AADBE1A51DE530003EF8C /* Release */ = {
			isa = XCBuildConfiguration;
			buildSettings = {
				ALWAYS_SEARCH_USER_PATHS = NO;
				CLANG_CXX_LANGUAGE_STANDARD = "gnu++0x";
				CLANG_CXX_LIBRARY = "libc++";
				CLANG_ENABLE_MODULES = YES;
				CLANG_ENABLE_OBJC_ARC = YES;
				CLANG_WARN_BOOL_CONVERSION = YES;
				CLANG_WARN_CONSTANT_CONVERSION = YES;
				CLANG_WARN_DIRECT_OBJC_ISA_USAGE = YES_ERROR;
				CLANG_WARN_EMPTY_BODY = YES;
				CLANG_WARN_ENUM_CONVERSION = YES;
				CLANG_WARN_INT_CONVERSION = YES;
				CLANG_WARN_OBJC_ROOT_CLASS = YES_ERROR;
				CLANG_WARN_UNREACHABLE_CODE = YES;
				CLANG_WARN__DUPLICATE_METHOD_MATCH = YES;
				"CODE_SIGN_IDENTITY[sdk=iphoneos*]" = "iPhone Developer";
				COPY_PHASE_STRIP = YES;
				ENABLE_NS_ASSERTIONS = NO;
				ENABLE_STRICT_OBJC_MSGSEND = YES;
				GCC_C_LANGUAGE_STANDARD = gnu99;
				GCC_WARN_64_TO_32_BIT_CONVERSION = YES;
				GCC_WARN_ABOUT_RETURN_TYPE = YES_ERROR;
				GCC_WARN_UNDECLARED_SELECTOR = YES;
				GCC_WARN_UNINITIALIZED_AUTOS = YES_AGGRESSIVE;
				GCC_WARN_UNUSED_FUNCTION = YES;
				GCC_WARN_UNUSED_VARIABLE = YES;
				IPHONEOS_DEPLOYMENT_TARGET = 8.0;
				MTL_ENABLE_DEBUG_INFO = NO;
				SDKROOT = iphoneos;
				TARGETED_DEVICE_FAMILY = "1,2";
				VALIDATE_PRODUCT = YES;
			};
			name = Release;
		};
		398AADC01A51DE530003EF8C /* Debug */ = {
			isa = XCBuildConfiguration;
			buildSettings = {
				ASSETCATALOG_COMPILER_APPICON_NAME = AppIcon;
				ASSETCATALOG_COMPILER_LAUNCHIMAGE_NAME = LaunchImage;
				CODE_SIGN_IDENTITY = "iPhone Developer: Inova Eg (7Y6XDR5RY3)";
				"CODE_SIGN_IDENTITY[sdk=iphoneos*]" = "iPhone Developer: Inova Eg (7Y6XDR5RY3)";
				FRAMEWORK_SEARCH_PATHS = (
					"$(inherited)",
					"$(PROJECT_DIR)/CarHds/Frameworks",
				);
				GCC_PREFIX_HEADER = "CarHds/CarHds-Prefix.pch";
				HEADER_SEARCH_PATHS = (
					"$(inherited)",
					/Applications/Xcode.app/Contents/Developer/Toolchains/XcodeDefault.xctoolchain/usr/include,
					"$(SDKROOT)/usr/include/libxml2",
				);
				INFOPLIST_FILE = CarHds/Info.plist;
				IPHONEOS_DEPLOYMENT_TARGET = 7.0;
				LD_RUNPATH_SEARCH_PATHS = "$(inherited) @executable_path/Frameworks";
				LIBRARY_SEARCH_PATHS = (
					"$(inherited)",
					"$(PROJECT_DIR)/CarHds/Frameworks/GoogleAnalyticsServicesiOS_3.12",
				);
				ONLY_ACTIVE_ARCH = NO;
				OTHER_LDFLAGS = (
					"-lxml2",
					"-ObjC",
					"-lstdc++",
				);
				PRODUCT_NAME = "$(TARGET_NAME)";
				PROVISIONING_PROFILE = "22a2a17c-1bd9-4a29-9dca-a93c30c23e87";
				TARGETED_DEVICE_FAMILY = "1,2";
				VALID_ARCHS = "armv7 armv7s arm64";
			};
			name = Debug;
		};
		398AADC11A51DE530003EF8C /* Release */ = {
			isa = XCBuildConfiguration;
			buildSettings = {
				ASSETCATALOG_COMPILER_APPICON_NAME = AppIcon;
				ASSETCATALOG_COMPILER_LAUNCHIMAGE_NAME = LaunchImage;
				CODE_SIGN_IDENTITY = "iPhone Developer: Inova Eg (7Y6XDR5RY3)";
				"CODE_SIGN_IDENTITY[sdk=iphoneos*]" = "iPhone Developer: Inova Eg (7Y6XDR5RY3)";
				FRAMEWORK_SEARCH_PATHS = (
					"$(inherited)",
					"$(PROJECT_DIR)/CarHds/Frameworks",
				);
				GCC_PREFIX_HEADER = "CarHds/CarHds-Prefix.pch";
				HEADER_SEARCH_PATHS = (
					"$(inherited)",
					/Applications/Xcode.app/Contents/Developer/Toolchains/XcodeDefault.xctoolchain/usr/include,
					"$(SDKROOT)/usr/include/libxml2",
				);
				INFOPLIST_FILE = CarHds/Info.plist;
				IPHONEOS_DEPLOYMENT_TARGET = 7.0;
				LD_RUNPATH_SEARCH_PATHS = "$(inherited) @executable_path/Frameworks";
				LIBRARY_SEARCH_PATHS = (
					"$(inherited)",
					"$(PROJECT_DIR)/CarHds/Frameworks/GoogleAnalyticsServicesiOS_3.12",
				);
				OTHER_LDFLAGS = (
					"-lxml2",
					"-ObjC",
					"-lstdc++",
				);
				PRODUCT_NAME = "$(TARGET_NAME)";
				PROVISIONING_PROFILE = "22a2a17c-1bd9-4a29-9dca-a93c30c23e87";
				TARGETED_DEVICE_FAMILY = "1,2";
				VALID_ARCHS = "armv7 armv7s arm64";
			};
			name = Release;
		};
		398AADC31A51DE530003EF8C /* Debug */ = {
			isa = XCBuildConfiguration;
			buildSettings = {
				BUNDLE_LOADER = "$(TEST_HOST)";
				FRAMEWORK_SEARCH_PATHS = (
					"$(SDKROOT)/Developer/Library/Frameworks",
					"$(inherited)",
				);
				GCC_PREPROCESSOR_DEFINITIONS = (
					"DEBUG=1",
					"$(inherited)",
				);
				INFOPLIST_FILE = CarHdsTests/Info.plist;
				LD_RUNPATH_SEARCH_PATHS = "$(inherited) @executable_path/Frameworks @loader_path/Frameworks";
				PRODUCT_NAME = "$(TARGET_NAME)";
				TEST_HOST = "$(BUILT_PRODUCTS_DIR)/CarHds.app/CarHds";
			};
			name = Debug;
		};
		398AADC41A51DE530003EF8C /* Release */ = {
			isa = XCBuildConfiguration;
			buildSettings = {
				BUNDLE_LOADER = "$(TEST_HOST)";
				FRAMEWORK_SEARCH_PATHS = (
					"$(SDKROOT)/Developer/Library/Frameworks",
					"$(inherited)",
				);
				INFOPLIST_FILE = CarHdsTests/Info.plist;
				LD_RUNPATH_SEARCH_PATHS = "$(inherited) @executable_path/Frameworks @loader_path/Frameworks";
				PRODUCT_NAME = "$(TARGET_NAME)";
				TEST_HOST = "$(BUILT_PRODUCTS_DIR)/CarHds.app/CarHds";
			};
			name = Release;
		};
/* End XCBuildConfiguration section */

/* Begin XCConfigurationList section */
		398AAD971A51DE530003EF8C /* Build configuration list for PBXProject "CarHds" */ = {
			isa = XCConfigurationList;
			buildConfigurations = (
				398AADBD1A51DE530003EF8C /* Debug */,
				398AADBE1A51DE530003EF8C /* Release */,
			);
			defaultConfigurationIsVisible = 0;
			defaultConfigurationName = Release;
		};
		398AADBF1A51DE530003EF8C /* Build configuration list for PBXNativeTarget "CarHds" */ = {
			isa = XCConfigurationList;
			buildConfigurations = (
				398AADC01A51DE530003EF8C /* Debug */,
				398AADC11A51DE530003EF8C /* Release */,
			);
			defaultConfigurationIsVisible = 0;
			defaultConfigurationName = Release;
		};
		398AADC21A51DE530003EF8C /* Build configuration list for PBXNativeTarget "CarHdsTests" */ = {
			isa = XCConfigurationList;
			buildConfigurations = (
				398AADC31A51DE530003EF8C /* Debug */,
				398AADC41A51DE530003EF8C /* Release */,
			);
			defaultConfigurationIsVisible = 0;
			defaultConfigurationName = Release;
		};
/* End XCConfigurationList section */
	};
	rootObject = 398AAD941A51DE530003EF8C /* Project object */;
}
